
Microsoft Visual Studio Solution File, Format Version 12.00
# Visual Studio 14
VisualStudioVersion = 14.0.24720.0
MinimumVisualStudioVersion = 10.0.40219.1
Project("{D954291E-2A0B-460D-934E-DC6B0785DB48}") = "GameData", "ZeusData\GameData.shproj", "{4FBC79F7-81FA-4F33-81CE-80B685082844}"
EndProject
Project("{D954291E-2A0B-460D-934E-DC6B0785DB48}") = "GameClient", "ZeusClient\GameClient.shproj", "{66661275-C966-4473-9D3D-49A305B910C6}"
EndProject
Project("{2150E333-8FDC-42A3-9474-1A3956D46DE8}") = "Windows", "Windows", "{592869C4-1C1A-4F69-BB9C-375613A9EB0D}"
EndProject
Project("{2150E333-8FDC-42A3-9474-1A3956D46DE8}") = "Android", "Android", "{97CB2A0C-6472-4722-9233-37CFE71AA2EE}"
EndProject
Project("{FAE04EC0-301F-11D3-BF4B-00C04F79EFBC}") = "Game.Android", "Game.Android\Game.Android.csproj", "{FC1F3CA0-BD76-447F-A300-1303095C59EA}"
EndProject
Project("{FAE04EC0-301F-11D3-BF4B-00C04F79EFBC}") = "Game.Windows", "Game.Windows\Game.Windows.csproj", "{4E3D4370-3780-403C-A92D-0975EB903FD3}"
EndProject
Project("{D954291E-2A0B-460D-934E-DC6B0785DB48}") = "GameServer", "ZeusServer\GameServer.shproj", "{AA58BDE4-79D5-44C3-8A68-B3D7FEF90ED7}"
EndProject
Project("{FAE04EC0-301F-11D3-BF4B-00C04F79EFBC}") = "RegServer", "RegServer\RegServer.csproj", "{20EDE952-3B9C-4141-A37A-A7F45710EAB1}"
EndProject
Project("{FAE04EC0-301F-11D3-BF4B-00C04F79EFBC}") = "Server", "Server\Server.csproj", "{18166DA5-2895-4BC1-898E-BCA9A2F27354}"
EndProject
Project("{FAE04EC0-301F-11D3-BF4B-00C04F79EFBC}") = "Client", "Client\Client.csproj", "{0C9996B0-20E6-47D6-BA34-E58C7A6FC534}"
EndProject
Project("{2150E333-8FDC-42A3-9474-1A3956D46DE8}") = "C", "C", "{01F5C38A-CE79-456F-9BD5-1367F56ABD12}"
EndProject
Project("{2150E333-8FDC-42A3-9474-1A3956D46DE8}") = "S", "S", "{8C0E0DB0-2D6A-4C2B-8776-1B1468BAA7A9}"
EndProject
Project("{FAE04EC0-301F-11D3-BF4B-00C04F79EFBC}") = "GateServer", "GateServer\GateServer.csproj", "{9F42BA5D-2FF0-47C2-B0F2-B20F914B42F2}"
EndProject
Project("{FAE04EC0-301F-11D3-BF4B-00C04F79EFBC}") = "HallServer", "HallServer\HallServer.csproj", "{66095901-3A16-4788-B19D-D310E5137057}"
EndProject
Project("{FAE04EC0-301F-11D3-BF4B-00C04F79EFBC}") = "ComServer", "ComServer\ComServer.csproj", "{849AA350-21AF-45E5-9D32-D67CF5DB41C2}"
EndProject
Project("{FAE04EC0-301F-11D3-BF4B-00C04F79EFBC}") = "DataServer", "DataServer\DataServer.csproj", "{3112B291-A010-4285-AA15-16039C3A3D9B}"
EndProject
Project("{FAE04EC0-301F-11D3-BF4B-00C04F79EFBC}") = "PathFindServer", "PathFindServer\PathFindServer.csproj", "{043F0A2F-8C55-4455-B226-1987500F1606}"
EndProject
Project("{FAE04EC0-301F-11D3-BF4B-00C04F79EFBC}") = "LogServer", "LogServer\LogServer.csproj", "{9B967A24-3495-4D15-AEEE-8A31A7646753}"
EndProject
Project("{FAE04EC0-301F-11D3-BF4B-00C04F79EFBC}") = "ServerMonitor", "ServerMonitor\ServerMonitor.csproj", "{0D470EBD-CFA9-4ED2-B90E-5BEEA9A8A78A}"
EndProject
Project("{FAE04EC0-301F-11D3-BF4B-00C04F79EFBC}") = "Client_A", "Client_A\Client_A.csproj", "{0D0DCECB-955D-4336-88C8-CEB9357148EE}"
EndProject
Project("{2150E333-8FDC-42A3-9474-1A3956D46DE8}") = "IOS", "IOS", "{90640E4D-4FD8-4E80-B29A-E329A28B6063}"
EndProject
Project("{FAE04EC0-301F-11D3-BF4B-00C04F79EFBC}") = "Client_I", "Client_I\Client_I.csproj", "{32E6716B-2B95-4885-8F6D-C1804A7D028A}"
EndProject
Project("{FAE04EC0-301F-11D3-BF4B-00C04F79EFBC}") = "Game.IOS", "Game.IOS\Game.IOS.csproj", "{0A2C0797-6BDB-40EB-9E6E-C4CFF7A8F130}"
EndProject
Global
	GlobalSection(SharedMSBuildProjectFiles) = preSolution
		ZeusData\ZeusData.projitems*{18166da5-2895-4bc1-898e-bca9a2f27354}*SharedItemsImports = 4
		ZeusServer\ZeusServer.projitems*{18166da5-2895-4bc1-898e-bca9a2f27354}*SharedItemsImports = 4
		ZeusData\ZeusData.projitems*{0c9996b0-20e6-47d6-ba34-e58c7a6fc534}*SharedItemsImports = 4
		ZeusClient\ZeusClient.projitems*{0c9996b0-20e6-47d6-ba34-e58c7a6fc534}*SharedItemsImports = 4
		ZeusData\ZeusData.projitems*{32e6716b-2b95-4885-8f6d-c1804a7d028a}*SharedItemsImports = 4
		ZeusClient\ZeusClient.projitems*{32e6716b-2b95-4885-8f6d-c1804a7d028a}*SharedItemsImports = 4
		ZeusClient\ZeusClient.projitems*{66661275-c966-4473-9d3d-49a305b910c6}*SharedItemsImports = 13
		ZeusData\ZeusData.projitems*{4fbc79f7-81fa-4f33-81ce-80b685082844}*SharedItemsImports = 13
		ZeusData\ZeusData.projitems*{0d0dcecb-955d-4336-88c8-ceb9357148ee}*SharedItemsImports = 4
		ZeusClient\ZeusClient.projitems*{0d0dcecb-955d-4336-88c8-ceb9357148ee}*SharedItemsImports = 4
		ZeusServer\ZeusServer.projitems*{aa58bde4-79d5-44c3-8a68-b3d7fef90ed7}*SharedItemsImports = 13
	EndGlobalSection
	GlobalSection(SolutionConfigurationPlatforms) = preSolution
		Ad-Hoc|Any CPU = Ad-Hoc|Any CPU
		Ad-Hoc|ARM = Ad-Hoc|ARM
		Ad-Hoc|iPhone = Ad-Hoc|iPhone
		Ad-Hoc|iPhoneSimulator = Ad-Hoc|iPhoneSimulator
		Ad-Hoc|x64 = Ad-Hoc|x64
		Ad-Hoc|x86 = Ad-Hoc|x86
		AppStore|Any CPU = AppStore|Any CPU
		AppStore|ARM = AppStore|ARM
		AppStore|iPhone = AppStore|iPhone
		AppStore|iPhoneSimulator = AppStore|iPhoneSimulator
		AppStore|x64 = AppStore|x64
		AppStore|x86 = AppStore|x86
		Debug|Any CPU = Debug|Any CPU
		Debug|ARM = Debug|ARM
		Debug|iPhone = Debug|iPhone
		Debug|iPhoneSimulator = Debug|iPhoneSimulator
		Debug|x64 = Debug|x64
		Debug|x86 = Debug|x86
		Release|Any CPU = Release|Any CPU
		Release|ARM = Release|ARM
		Release|iPhone = Release|iPhone
		Release|iPhoneSimulator = Release|iPhoneSimulator
		Release|x64 = Release|x64
		Release|x86 = Release|x86
	EndGlobalSection
	GlobalSection(ProjectConfigurationPlatforms) = postSolution
		{FC1F3CA0-BD76-447F-A300-1303095C59EA}.Ad-Hoc|Any CPU.ActiveCfg = Release|Any CPU
		{FC1F3CA0-BD76-447F-A300-1303095C59EA}.Ad-Hoc|Any CPU.Build.0 = Release|Any CPU
		{FC1F3CA0-BD76-447F-A300-1303095C59EA}.Ad-Hoc|Any CPU.Deploy.0 = Release|Any CPU
		{FC1F3CA0-BD76-447F-A300-1303095C59EA}.Ad-Hoc|ARM.ActiveCfg = Release|Any CPU
		{FC1F3CA0-BD76-447F-A300-1303095C59EA}.Ad-Hoc|ARM.Build.0 = Release|Any CPU
		{FC1F3CA0-BD76-447F-A300-1303095C59EA}.Ad-Hoc|ARM.Deploy.0 = Release|Any CPU
		{FC1F3CA0-BD76-447F-A300-1303095C59EA}.Ad-Hoc|iPhone.ActiveCfg = Release|Any CPU
		{FC1F3CA0-BD76-447F-A300-1303095C59EA}.Ad-Hoc|iPhone.Build.0 = Release|Any CPU
		{FC1F3CA0-BD76-447F-A300-1303095C59EA}.Ad-Hoc|iPhone.Deploy.0 = Release|Any CPU
		{FC1F3CA0-BD76-447F-A300-1303095C59EA}.Ad-Hoc|iPhoneSimulator.ActiveCfg = Release|Any CPU
		{FC1F3CA0-BD76-447F-A300-1303095C59EA}.Ad-Hoc|iPhoneSimulator.Build.0 = Release|Any CPU
		{FC1F3CA0-BD76-447F-A300-1303095C59EA}.Ad-Hoc|iPhoneSimulator.Deploy.0 = Release|Any CPU
		{FC1F3CA0-BD76-447F-A300-1303095C59EA}.Ad-Hoc|x64.ActiveCfg = Release|Any CPU
		{FC1F3CA0-BD76-447F-A300-1303095C59EA}.Ad-Hoc|x64.Build.0 = Release|Any CPU
		{FC1F3CA0-BD76-447F-A300-1303095C59EA}.Ad-Hoc|x64.Deploy.0 = Release|Any CPU
		{FC1F3CA0-BD76-447F-A300-1303095C59EA}.Ad-Hoc|x86.ActiveCfg = Release|Any CPU
		{FC1F3CA0-BD76-447F-A300-1303095C59EA}.Ad-Hoc|x86.Build.0 = Release|Any CPU
		{FC1F3CA0-BD76-447F-A300-1303095C59EA}.Ad-Hoc|x86.Deploy.0 = Release|Any CPU
		{FC1F3CA0-BD76-447F-A300-1303095C59EA}.AppStore|Any CPU.ActiveCfg = Release|Any CPU
		{FC1F3CA0-BD76-447F-A300-1303095C59EA}.AppStore|Any CPU.Build.0 = Release|Any CPU
		{FC1F3CA0-BD76-447F-A300-1303095C59EA}.AppStore|Any CPU.Deploy.0 = Release|Any CPU
		{FC1F3CA0-BD76-447F-A300-1303095C59EA}.AppStore|ARM.ActiveCfg = Release|Any CPU
		{FC1F3CA0-BD76-447F-A300-1303095C59EA}.AppStore|ARM.Build.0 = Release|Any CPU
		{FC1F3CA0-BD76-447F-A300-1303095C59EA}.AppStore|ARM.Deploy.0 = Release|Any CPU
		{FC1F3CA0-BD76-447F-A300-1303095C59EA}.AppStore|iPhone.ActiveCfg = Release|Any CPU
		{FC1F3CA0-BD76-447F-A300-1303095C59EA}.AppStore|iPhone.Build.0 = Release|Any CPU
		{FC1F3CA0-BD76-447F-A300-1303095C59EA}.AppStore|iPhone.Deploy.0 = Release|Any CPU
		{FC1F3CA0-BD76-447F-A300-1303095C59EA}.AppStore|iPhoneSimulator.ActiveCfg = Release|Any CPU
		{FC1F3CA0-BD76-447F-A300-1303095C59EA}.AppStore|iPhoneSimulator.Build.0 = Release|Any CPU
		{FC1F3CA0-BD76-447F-A300-1303095C59EA}.AppStore|iPhoneSimulator.Deploy.0 = Release|Any CPU
		{FC1F3CA0-BD76-447F-A300-1303095C59EA}.AppStore|x64.ActiveCfg = Release|Any CPU
		{FC1F3CA0-BD76-447F-A300-1303095C59EA}.AppStore|x64.Build.0 = Release|Any CPU
		{FC1F3CA0-BD76-447F-A300-1303095C59EA}.AppStore|x64.Deploy.0 = Release|Any CPU
		{FC1F3CA0-BD76-447F-A300-1303095C59EA}.AppStore|x86.ActiveCfg = Release|Any CPU
		{FC1F3CA0-BD76-447F-A300-1303095C59EA}.AppStore|x86.Build.0 = Release|Any CPU
		{FC1F3CA0-BD76-447F-A300-1303095C59EA}.AppStore|x86.Deploy.0 = Release|Any CPU
		{FC1F3CA0-BD76-447F-A300-1303095C59EA}.Debug|Any CPU.ActiveCfg = Debug|Any CPU
		{FC1F3CA0-BD76-447F-A300-1303095C59EA}.Debug|Any CPU.Deploy.0 = Debug|Any CPU
		{FC1F3CA0-BD76-447F-A300-1303095C59EA}.Debug|ARM.ActiveCfg = Debug|Any CPU
		{FC1F3CA0-BD76-447F-A300-1303095C59EA}.Debug|ARM.Build.0 = Debug|Any CPU
		{FC1F3CA0-BD76-447F-A300-1303095C59EA}.Debug|ARM.Deploy.0 = Debug|Any CPU
		{FC1F3CA0-BD76-447F-A300-1303095C59EA}.Debug|iPhone.ActiveCfg = Debug|Any CPU
		{FC1F3CA0-BD76-447F-A300-1303095C59EA}.Debug|iPhone.Build.0 = Debug|Any CPU
		{FC1F3CA0-BD76-447F-A300-1303095C59EA}.Debug|iPhone.Deploy.0 = Debug|Any CPU
		{FC1F3CA0-BD76-447F-A300-1303095C59EA}.Debug|iPhoneSimulator.ActiveCfg = Debug|Any CPU
		{FC1F3CA0-BD76-447F-A300-1303095C59EA}.Debug|iPhoneSimulator.Build.0 = Debug|Any CPU
		{FC1F3CA0-BD76-447F-A300-1303095C59EA}.Debug|iPhoneSimulator.Deploy.0 = Debug|Any CPU
		{FC1F3CA0-BD76-447F-A300-1303095C59EA}.Debug|x64.ActiveCfg = Debug|Any CPU
		{FC1F3CA0-BD76-447F-A300-1303095C59EA}.Debug|x64.Build.0 = Debug|Any CPU
		{FC1F3CA0-BD76-447F-A300-1303095C59EA}.Debug|x64.Deploy.0 = Debug|Any CPU
		{FC1F3CA0-BD76-447F-A300-1303095C59EA}.Debug|x86.ActiveCfg = Debug|Any CPU
		{FC1F3CA0-BD76-447F-A300-1303095C59EA}.Debug|x86.Build.0 = Debug|Any CPU
		{FC1F3CA0-BD76-447F-A300-1303095C59EA}.Debug|x86.Deploy.0 = Debug|Any CPU
		{FC1F3CA0-BD76-447F-A300-1303095C59EA}.Release|Any CPU.ActiveCfg = Release|Any CPU
		{FC1F3CA0-BD76-447F-A300-1303095C59EA}.Release|Any CPU.Build.0 = Release|Any CPU
		{FC1F3CA0-BD76-447F-A300-1303095C59EA}.Release|Any CPU.Deploy.0 = Release|Any CPU
		{FC1F3CA0-BD76-447F-A300-1303095C59EA}.Release|ARM.ActiveCfg = Release|Any CPU
		{FC1F3CA0-BD76-447F-A300-1303095C59EA}.Release|ARM.Build.0 = Release|Any CPU
		{FC1F3CA0-BD76-447F-A300-1303095C59EA}.Release|ARM.Deploy.0 = Release|Any CPU
		{FC1F3CA0-BD76-447F-A300-1303095C59EA}.Release|iPhone.ActiveCfg = Release|Any CPU
		{FC1F3CA0-BD76-447F-A300-1303095C59EA}.Release|iPhone.Build.0 = Release|Any CPU
		{FC1F3CA0-BD76-447F-A300-1303095C59EA}.Release|iPhone.Deploy.0 = Release|Any CPU
		{FC1F3CA0-BD76-447F-A300-1303095C59EA}.Release|iPhoneSimulator.ActiveCfg = Release|Any CPU
		{FC1F3CA0-BD76-447F-A300-1303095C59EA}.Release|iPhoneSimulator.Build.0 = Release|Any CPU
		{FC1F3CA0-BD76-447F-A300-1303095C59EA}.Release|iPhoneSimulator.Deploy.0 = Release|Any CPU
		{FC1F3CA0-BD76-447F-A300-1303095C59EA}.Release|x64.ActiveCfg = Release|Any CPU
		{FC1F3CA0-BD76-447F-A300-1303095C59EA}.Release|x64.Build.0 = Release|Any CPU
		{FC1F3CA0-BD76-447F-A300-1303095C59EA}.Release|x64.Deploy.0 = Release|Any CPU
		{FC1F3CA0-BD76-447F-A300-1303095C59EA}.Release|x86.ActiveCfg = Release|Any CPU
		{FC1F3CA0-BD76-447F-A300-1303095C59EA}.Release|x86.Build.0 = Release|Any CPU
		{FC1F3CA0-BD76-447F-A300-1303095C59EA}.Release|x86.Deploy.0 = Release|Any CPU
		{4E3D4370-3780-403C-A92D-0975EB903FD3}.Ad-Hoc|Any CPU.ActiveCfg = Release|Any CPU
		{4E3D4370-3780-403C-A92D-0975EB903FD3}.Ad-Hoc|Any CPU.Build.0 = Release|Any CPU
		{4E3D4370-3780-403C-A92D-0975EB903FD3}.Ad-Hoc|ARM.ActiveCfg = Release|Any CPU
		{4E3D4370-3780-403C-A92D-0975EB903FD3}.Ad-Hoc|ARM.Build.0 = Release|Any CPU
		{4E3D4370-3780-403C-A92D-0975EB903FD3}.Ad-Hoc|iPhone.ActiveCfg = Release|Any CPU
		{4E3D4370-3780-403C-A92D-0975EB903FD3}.Ad-Hoc|iPhone.Build.0 = Release|Any CPU
		{4E3D4370-3780-403C-A92D-0975EB903FD3}.Ad-Hoc|iPhoneSimulator.ActiveCfg = Release|Any CPU
		{4E3D4370-3780-403C-A92D-0975EB903FD3}.Ad-Hoc|iPhoneSimulator.Build.0 = Release|Any CPU
		{4E3D4370-3780-403C-A92D-0975EB903FD3}.Ad-Hoc|x64.ActiveCfg = Release|Any CPU
		{4E3D4370-3780-403C-A92D-0975EB903FD3}.Ad-Hoc|x64.Build.0 = Release|Any CPU
		{4E3D4370-3780-403C-A92D-0975EB903FD3}.Ad-Hoc|x86.ActiveCfg = Release|Any CPU
		{4E3D4370-3780-403C-A92D-0975EB903FD3}.Ad-Hoc|x86.Build.0 = Release|Any CPU
		{4E3D4370-3780-403C-A92D-0975EB903FD3}.AppStore|Any CPU.ActiveCfg = Release|Any CPU
		{4E3D4370-3780-403C-A92D-0975EB903FD3}.AppStore|Any CPU.Build.0 = Release|Any CPU
		{4E3D4370-3780-403C-A92D-0975EB903FD3}.AppStore|ARM.ActiveCfg = Release|Any CPU
		{4E3D4370-3780-403C-A92D-0975EB903FD3}.AppStore|ARM.Build.0 = Release|Any CPU
		{4E3D4370-3780-403C-A92D-0975EB903FD3}.AppStore|iPhone.ActiveCfg = Release|Any CPU
		{4E3D4370-3780-403C-A92D-0975EB903FD3}.AppStore|iPhone.Build.0 = Release|Any CPU
		{4E3D4370-3780-403C-A92D-0975EB903FD3}.AppStore|iPhoneSimulator.ActiveCfg = Release|Any CPU
		{4E3D4370-3780-403C-A92D-0975EB903FD3}.AppStore|iPhoneSimulator.Build.0 = Release|Any CPU
		{4E3D4370-3780-403C-A92D-0975EB903FD3}.AppStore|x64.ActiveCfg = Release|Any CPU
		{4E3D4370-3780-403C-A92D-0975EB903FD3}.AppStore|x64.Build.0 = Release|Any CPU
		{4E3D4370-3780-403C-A92D-0975EB903FD3}.AppStore|x86.ActiveCfg = Release|Any CPU
		{4E3D4370-3780-403C-A92D-0975EB903FD3}.AppStore|x86.Build.0 = Release|Any CPU
		{4E3D4370-3780-403C-A92D-0975EB903FD3}.Debug|Any CPU.ActiveCfg = Debug|Any CPU
		{4E3D4370-3780-403C-A92D-0975EB903FD3}.Debug|Any CPU.Build.0 = Debug|Any CPU
		{4E3D4370-3780-403C-A92D-0975EB903FD3}.Debug|ARM.ActiveCfg = Debug|Any CPU
		{4E3D4370-3780-403C-A92D-0975EB903FD3}.Debug|ARM.Build.0 = Debug|Any CPU
		{4E3D4370-3780-403C-A92D-0975EB903FD3}.Debug|iPhone.ActiveCfg = Debug|Any CPU
		{4E3D4370-3780-403C-A92D-0975EB903FD3}.Debug|iPhone.Build.0 = Debug|Any CPU
		{4E3D4370-3780-403C-A92D-0975EB903FD3}.Debug|iPhoneSimulator.ActiveCfg = Debug|Any CPU
		{4E3D4370-3780-403C-A92D-0975EB903FD3}.Debug|iPhoneSimulator.Build.0 = Debug|Any CPU
		{4E3D4370-3780-403C-A92D-0975EB903FD3}.Debug|x64.ActiveCfg = Debug|Any CPU
		{4E3D4370-3780-403C-A92D-0975EB903FD3}.Debug|x64.Build.0 = Debug|Any CPU
		{4E3D4370-3780-403C-A92D-0975EB903FD3}.Debug|x86.ActiveCfg = Debug|Any CPU
		{4E3D4370-3780-403C-A92D-0975EB903FD3}.Debug|x86.Build.0 = Debug|Any CPU
		{4E3D4370-3780-403C-A92D-0975EB903FD3}.Release|Any CPU.ActiveCfg = Release|Any CPU
		{4E3D4370-3780-403C-A92D-0975EB903FD3}.Release|Any CPU.Build.0 = Release|Any CPU
		{4E3D4370-3780-403C-A92D-0975EB903FD3}.Release|ARM.ActiveCfg = Release|Any CPU
		{4E3D4370-3780-403C-A92D-0975EB903FD3}.Release|ARM.Build.0 = Release|Any CPU
		{4E3D4370-3780-403C-A92D-0975EB903FD3}.Release|iPhone.ActiveCfg = Release|Any CPU
		{4E3D4370-3780-403C-A92D-0975EB903FD3}.Release|iPhone.Build.0 = Release|Any CPU
		{4E3D4370-3780-403C-A92D-0975EB903FD3}.Release|iPhoneSimulator.ActiveCfg = Release|Any CPU
		{4E3D4370-3780-403C-A92D-0975EB903FD3}.Release|iPhoneSimulator.Build.0 = Release|Any CPU
		{4E3D4370-3780-403C-A92D-0975EB903FD3}.Release|x64.ActiveCfg = Release|Any CPU
		{4E3D4370-3780-403C-A92D-0975EB903FD3}.Release|x64.Build.0 = Release|Any CPU
		{4E3D4370-3780-403C-A92D-0975EB903FD3}.Release|x86.ActiveCfg = Release|Any CPU
		{4E3D4370-3780-403C-A92D-0975EB903FD3}.Release|x86.Build.0 = Release|Any CPU
		{20EDE952-3B9C-4141-A37A-A7F45710EAB1}.Ad-Hoc|Any CPU.ActiveCfg = Release|Any CPU
		{20EDE952-3B9C-4141-A37A-A7F45710EAB1}.Ad-Hoc|Any CPU.Build.0 = Release|Any CPU
		{20EDE952-3B9C-4141-A37A-A7F45710EAB1}.Ad-Hoc|ARM.ActiveCfg = Release|Any CPU
		{20EDE952-3B9C-4141-A37A-A7F45710EAB1}.Ad-Hoc|ARM.Build.0 = Release|Any CPU
		{20EDE952-3B9C-4141-A37A-A7F45710EAB1}.Ad-Hoc|iPhone.ActiveCfg = Release|Any CPU
		{20EDE952-3B9C-4141-A37A-A7F45710EAB1}.Ad-Hoc|iPhone.Build.0 = Release|Any CPU
		{20EDE952-3B9C-4141-A37A-A7F45710EAB1}.Ad-Hoc|iPhoneSimulator.ActiveCfg = Release|Any CPU
		{20EDE952-3B9C-4141-A37A-A7F45710EAB1}.Ad-Hoc|iPhoneSimulator.Build.0 = Release|Any CPU
		{20EDE952-3B9C-4141-A37A-A7F45710EAB1}.Ad-Hoc|x64.ActiveCfg = Release|Any CPU
		{20EDE952-3B9C-4141-A37A-A7F45710EAB1}.Ad-Hoc|x64.Build.0 = Release|Any CPU
		{20EDE952-3B9C-4141-A37A-A7F45710EAB1}.Ad-Hoc|x86.ActiveCfg = Release|Any CPU
		{20EDE952-3B9C-4141-A37A-A7F45710EAB1}.Ad-Hoc|x86.Build.0 = Release|Any CPU
		{20EDE952-3B9C-4141-A37A-A7F45710EAB1}.AppStore|Any CPU.ActiveCfg = Release|Any CPU
		{20EDE952-3B9C-4141-A37A-A7F45710EAB1}.AppStore|Any CPU.Build.0 = Release|Any CPU
		{20EDE952-3B9C-4141-A37A-A7F45710EAB1}.AppStore|ARM.ActiveCfg = Release|Any CPU
		{20EDE952-3B9C-4141-A37A-A7F45710EAB1}.AppStore|ARM.Build.0 = Release|Any CPU
		{20EDE952-3B9C-4141-A37A-A7F45710EAB1}.AppStore|iPhone.ActiveCfg = Release|Any CPU
		{20EDE952-3B9C-4141-A37A-A7F45710EAB1}.AppStore|iPhone.Build.0 = Release|Any CPU
		{20EDE952-3B9C-4141-A37A-A7F45710EAB1}.AppStore|iPhoneSimulator.ActiveCfg = Release|Any CPU
		{20EDE952-3B9C-4141-A37A-A7F45710EAB1}.AppStore|iPhoneSimulator.Build.0 = Release|Any CPU
		{20EDE952-3B9C-4141-A37A-A7F45710EAB1}.AppStore|x64.ActiveCfg = Release|Any CPU
		{20EDE952-3B9C-4141-A37A-A7F45710EAB1}.AppStore|x64.Build.0 = Release|Any CPU
		{20EDE952-3B9C-4141-A37A-A7F45710EAB1}.AppStore|x86.ActiveCfg = Release|Any CPU
		{20EDE952-3B9C-4141-A37A-A7F45710EAB1}.AppStore|x86.Build.0 = Release|Any CPU
		{20EDE952-3B9C-4141-A37A-A7F45710EAB1}.Debug|Any CPU.ActiveCfg = Debug|Any CPU
		{20EDE952-3B9C-4141-A37A-A7F45710EAB1}.Debug|Any CPU.Build.0 = Debug|Any CPU
		{20EDE952-3B9C-4141-A37A-A7F45710EAB1}.Debug|ARM.ActiveCfg = Debug|Any CPU
		{20EDE952-3B9C-4141-A37A-A7F45710EAB1}.Debug|ARM.Build.0 = Debug|Any CPU
		{20EDE952-3B9C-4141-A37A-A7F45710EAB1}.Debug|iPhone.ActiveCfg = Debug|Any CPU
		{20EDE952-3B9C-4141-A37A-A7F45710EAB1}.Debug|iPhone.Build.0 = Debug|Any CPU
		{20EDE952-3B9C-4141-A37A-A7F45710EAB1}.Debug|iPhoneSimulator.ActiveCfg = Debug|Any CPU
		{20EDE952-3B9C-4141-A37A-A7F45710EAB1}.Debug|iPhoneSimulator.Build.0 = Debug|Any CPU
		{20EDE952-3B9C-4141-A37A-A7F45710EAB1}.Debug|x64.ActiveCfg = Debug|Any CPU
		{20EDE952-3B9C-4141-A37A-A7F45710EAB1}.Debug|x64.Build.0 = Debug|Any CPU
		{20EDE952-3B9C-4141-A37A-A7F45710EAB1}.Debug|x86.ActiveCfg = Debug|Any CPU
		{20EDE952-3B9C-4141-A37A-A7F45710EAB1}.Debug|x86.Build.0 = Debug|Any CPU
		{20EDE952-3B9C-4141-A37A-A7F45710EAB1}.Release|Any CPU.ActiveCfg = Release|Any CPU
		{20EDE952-3B9C-4141-A37A-A7F45710EAB1}.Release|Any CPU.Build.0 = Release|Any CPU
		{20EDE952-3B9C-4141-A37A-A7F45710EAB1}.Release|ARM.ActiveCfg = Release|Any CPU
		{20EDE952-3B9C-4141-A37A-A7F45710EAB1}.Release|ARM.Build.0 = Release|Any CPU
		{20EDE952-3B9C-4141-A37A-A7F45710EAB1}.Release|iPhone.ActiveCfg = Release|Any CPU
		{20EDE952-3B9C-4141-A37A-A7F45710EAB1}.Release|iPhone.Build.0 = Release|Any CPU
		{20EDE952-3B9C-4141-A37A-A7F45710EAB1}.Release|iPhoneSimulator.ActiveCfg = Release|Any CPU
		{20EDE952-3B9C-4141-A37A-A7F45710EAB1}.Release|iPhoneSimulator.Build.0 = Release|Any CPU
		{20EDE952-3B9C-4141-A37A-A7F45710EAB1}.Release|x64.ActiveCfg = Release|Any CPU
		{20EDE952-3B9C-4141-A37A-A7F45710EAB1}.Release|x64.Build.0 = Release|Any CPU
		{20EDE952-3B9C-4141-A37A-A7F45710EAB1}.Release|x86.ActiveCfg = Release|Any CPU
		{20EDE952-3B9C-4141-A37A-A7F45710EAB1}.Release|x86.Build.0 = Release|Any CPU
		{18166DA5-2895-4BC1-898E-BCA9A2F27354}.Ad-Hoc|Any CPU.ActiveCfg = Release|Any CPU
		{18166DA5-2895-4BC1-898E-BCA9A2F27354}.Ad-Hoc|Any CPU.Build.0 = Release|Any CPU
		{18166DA5-2895-4BC1-898E-BCA9A2F27354}.Ad-Hoc|ARM.ActiveCfg = Release|Any CPU
		{18166DA5-2895-4BC1-898E-BCA9A2F27354}.Ad-Hoc|ARM.Build.0 = Release|Any CPU
		{18166DA5-2895-4BC1-898E-BCA9A2F27354}.Ad-Hoc|iPhone.ActiveCfg = Release|Any CPU
		{18166DA5-2895-4BC1-898E-BCA9A2F27354}.Ad-Hoc|iPhone.Build.0 = Release|Any CPU
		{18166DA5-2895-4BC1-898E-BCA9A2F27354}.Ad-Hoc|iPhoneSimulator.ActiveCfg = Release|Any CPU
		{18166DA5-2895-4BC1-898E-BCA9A2F27354}.Ad-Hoc|iPhoneSimulator.Build.0 = Release|Any CPU
		{18166DA5-2895-4BC1-898E-BCA9A2F27354}.Ad-Hoc|x64.ActiveCfg = Release|Any CPU
		{18166DA5-2895-4BC1-898E-BCA9A2F27354}.Ad-Hoc|x64.Build.0 = Release|Any CPU
		{18166DA5-2895-4BC1-898E-BCA9A2F27354}.Ad-Hoc|x86.ActiveCfg = Release|Any CPU
		{18166DA5-2895-4BC1-898E-BCA9A2F27354}.Ad-Hoc|x86.Build.0 = Release|Any CPU
		{18166DA5-2895-4BC1-898E-BCA9A2F27354}.AppStore|Any CPU.ActiveCfg = Release|Any CPU
		{18166DA5-2895-4BC1-898E-BCA9A2F27354}.AppStore|Any CPU.Build.0 = Release|Any CPU
		{18166DA5-2895-4BC1-898E-BCA9A2F27354}.AppStore|ARM.ActiveCfg = Release|Any CPU
		{18166DA5-2895-4BC1-898E-BCA9A2F27354}.AppStore|ARM.Build.0 = Release|Any CPU
		{18166DA5-2895-4BC1-898E-BCA9A2F27354}.AppStore|iPhone.ActiveCfg = Release|Any CPU
		{18166DA5-2895-4BC1-898E-BCA9A2F27354}.AppStore|iPhone.Build.0 = Release|Any CPU
		{18166DA5-2895-4BC1-898E-BCA9A2F27354}.AppStore|iPhoneSimulator.ActiveCfg = Release|Any CPU
		{18166DA5-2895-4BC1-898E-BCA9A2F27354}.AppStore|iPhoneSimulator.Build.0 = Release|Any CPU
		{18166DA5-2895-4BC1-898E-BCA9A2F27354}.AppStore|x64.ActiveCfg = Release|Any CPU
		{18166DA5-2895-4BC1-898E-BCA9A2F27354}.AppStore|x64.Build.0 = Release|Any CPU
		{18166DA5-2895-4BC1-898E-BCA9A2F27354}.AppStore|x86.ActiveCfg = Release|Any CPU
		{18166DA5-2895-4BC1-898E-BCA9A2F27354}.AppStore|x86.Build.0 = Release|Any CPU
		{18166DA5-2895-4BC1-898E-BCA9A2F27354}.Debug|Any CPU.ActiveCfg = Debug|Any CPU
		{18166DA5-2895-4BC1-898E-BCA9A2F27354}.Debug|Any CPU.Build.0 = Debug|Any CPU
		{18166DA5-2895-4BC1-898E-BCA9A2F27354}.Debug|ARM.ActiveCfg = Debug|Any CPU
		{18166DA5-2895-4BC1-898E-BCA9A2F27354}.Debug|ARM.Build.0 = Debug|Any CPU
		{18166DA5-2895-4BC1-898E-BCA9A2F27354}.Debug|iPhone.ActiveCfg = Debug|Any CPU
		{18166DA5-2895-4BC1-898E-BCA9A2F27354}.Debug|iPhone.Build.0 = Debug|Any CPU
		{18166DA5-2895-4BC1-898E-BCA9A2F27354}.Debug|iPhoneSimulator.ActiveCfg = Debug|Any CPU
		{18166DA5-2895-4BC1-898E-BCA9A2F27354}.Debug|iPhoneSimulator.Build.0 = Debug|Any CPU
		{18166DA5-2895-4BC1-898E-BCA9A2F27354}.Debug|x64.ActiveCfg = Debug|Any CPU
		{18166DA5-2895-4BC1-898E-BCA9A2F27354}.Debug|x64.Build.0 = Debug|Any CPU
		{18166DA5-2895-4BC1-898E-BCA9A2F27354}.Debug|x86.ActiveCfg = Debug|Any CPU
		{18166DA5-2895-4BC1-898E-BCA9A2F27354}.Debug|x86.Build.0 = Debug|Any CPU
		{18166DA5-2895-4BC1-898E-BCA9A2F27354}.Release|Any CPU.ActiveCfg = Release|Any CPU
		{18166DA5-2895-4BC1-898E-BCA9A2F27354}.Release|Any CPU.Build.0 = Release|Any CPU
		{18166DA5-2895-4BC1-898E-BCA9A2F27354}.Release|ARM.ActiveCfg = Release|Any CPU
		{18166DA5-2895-4BC1-898E-BCA9A2F27354}.Release|ARM.Build.0 = Release|Any CPU
		{18166DA5-2895-4BC1-898E-BCA9A2F27354}.Release|iPhone.ActiveCfg = Release|Any CPU
		{18166DA5-2895-4BC1-898E-BCA9A2F27354}.Release|iPhone.Build.0 = Release|Any CPU
		{18166DA5-2895-4BC1-898E-BCA9A2F27354}.Release|iPhoneSimulator.ActiveCfg = Release|Any CPU
		{18166DA5-2895-4BC1-898E-BCA9A2F27354}.Release|iPhoneSimulator.Build.0 = Release|Any CPU
		{18166DA5-2895-4BC1-898E-BCA9A2F27354}.Release|x64.ActiveCfg = Release|Any CPU
		{18166DA5-2895-4BC1-898E-BCA9A2F27354}.Release|x64.Build.0 = Release|Any CPU
		{18166DA5-2895-4BC1-898E-BCA9A2F27354}.Release|x86.ActiveCfg = Release|Any CPU
		{18166DA5-2895-4BC1-898E-BCA9A2F27354}.Release|x86.Build.0 = Release|Any CPU
		{0C9996B0-20E6-47D6-BA34-E58C7A6FC534}.Ad-Hoc|Any CPU.ActiveCfg = Release|Any CPU
		{0C9996B0-20E6-47D6-BA34-E58C7A6FC534}.Ad-Hoc|Any CPU.Build.0 = Release|Any CPU
		{0C9996B0-20E6-47D6-BA34-E58C7A6FC534}.Ad-Hoc|ARM.ActiveCfg = Release|Any CPU
		{0C9996B0-20E6-47D6-BA34-E58C7A6FC534}.Ad-Hoc|ARM.Build.0 = Release|Any CPU
		{0C9996B0-20E6-47D6-BA34-E58C7A6FC534}.Ad-Hoc|iPhone.ActiveCfg = Release|Any CPU
		{0C9996B0-20E6-47D6-BA34-E58C7A6FC534}.Ad-Hoc|iPhone.Build.0 = Release|Any CPU
		{0C9996B0-20E6-47D6-BA34-E58C7A6FC534}.Ad-Hoc|iPhoneSimulator.ActiveCfg = Release|Any CPU
		{0C9996B0-20E6-47D6-BA34-E58C7A6FC534}.Ad-Hoc|iPhoneSimulator.Build.0 = Release|Any CPU
		{0C9996B0-20E6-47D6-BA34-E58C7A6FC534}.Ad-Hoc|x64.ActiveCfg = Release|Any CPU
		{0C9996B0-20E6-47D6-BA34-E58C7A6FC534}.Ad-Hoc|x64.Build.0 = Release|Any CPU
		{0C9996B0-20E6-47D6-BA34-E58C7A6FC534}.Ad-Hoc|x86.ActiveCfg = Release|Any CPU
		{0C9996B0-20E6-47D6-BA34-E58C7A6FC534}.Ad-Hoc|x86.Build.0 = Release|Any CPU
		{0C9996B0-20E6-47D6-BA34-E58C7A6FC534}.AppStore|Any CPU.ActiveCfg = Release|Any CPU
		{0C9996B0-20E6-47D6-BA34-E58C7A6FC534}.AppStore|Any CPU.Build.0 = Release|Any CPU
		{0C9996B0-20E6-47D6-BA34-E58C7A6FC534}.AppStore|ARM.ActiveCfg = Release|Any CPU
		{0C9996B0-20E6-47D6-BA34-E58C7A6FC534}.AppStore|ARM.Build.0 = Release|Any CPU
		{0C9996B0-20E6-47D6-BA34-E58C7A6FC534}.AppStore|iPhone.ActiveCfg = Release|Any CPU
		{0C9996B0-20E6-47D6-BA34-E58C7A6FC534}.AppStore|iPhone.Build.0 = Release|Any CPU
		{0C9996B0-20E6-47D6-BA34-E58C7A6FC534}.AppStore|iPhoneSimulator.ActiveCfg = Release|Any CPU
		{0C9996B0-20E6-47D6-BA34-E58C7A6FC534}.AppStore|iPhoneSimulator.Build.0 = Release|Any CPU
		{0C9996B0-20E6-47D6-BA34-E58C7A6FC534}.AppStore|x64.ActiveCfg = Release|Any CPU
		{0C9996B0-20E6-47D6-BA34-E58C7A6FC534}.AppStore|x64.Build.0 = Release|Any CPU
		{0C9996B0-20E6-47D6-BA34-E58C7A6FC534}.AppStore|x86.ActiveCfg = Release|Any CPU
		{0C9996B0-20E6-47D6-BA34-E58C7A6FC534}.AppStore|x86.Build.0 = Release|Any CPU
		{0C9996B0-20E6-47D6-BA34-E58C7A6FC534}.Debug|Any CPU.ActiveCfg = Debug|Any CPU
		{0C9996B0-20E6-47D6-BA34-E58C7A6FC534}.Debug|Any CPU.Build.0 = Debug|Any CPU
		{0C9996B0-20E6-47D6-BA34-E58C7A6FC534}.Debug|ARM.ActiveCfg = Debug|Any CPU
		{0C9996B0-20E6-47D6-BA34-E58C7A6FC534}.Debug|ARM.Build.0 = Debug|Any CPU
		{0C9996B0-20E6-47D6-BA34-E58C7A6FC534}.Debug|iPhone.ActiveCfg = Debug|Any CPU
		{0C9996B0-20E6-47D6-BA34-E58C7A6FC534}.Debug|iPhone.Build.0 = Debug|Any CPU
		{0C9996B0-20E6-47D6-BA34-E58C7A6FC534}.Debug|iPhoneSimulator.ActiveCfg = Debug|Any CPU
		{0C9996B0-20E6-47D6-BA34-E58C7A6FC534}.Debug|iPhoneSimulator.Build.0 = Debug|Any CPU
		{0C9996B0-20E6-47D6-BA34-E58C7A6FC534}.Debug|x64.ActiveCfg = Debug|Any CPU
		{0C9996B0-20E6-47D6-BA34-E58C7A6FC534}.Debug|x64.Build.0 = Debug|Any CPU
		{0C9996B0-20E6-47D6-BA34-E58C7A6FC534}.Debug|x86.ActiveCfg = Debug|Any CPU
		{0C9996B0-20E6-47D6-BA34-E58C7A6FC534}.Debug|x86.Build.0 = Debug|Any CPU
		{0C9996B0-20E6-47D6-BA34-E58C7A6FC534}.Release|Any CPU.ActiveCfg = Release|Any CPU
		{0C9996B0-20E6-47D6-BA34-E58C7A6FC534}.Release|Any CPU.Build.0 = Release|Any CPU
		{0C9996B0-20E6-47D6-BA34-E58C7A6FC534}.Release|ARM.ActiveCfg = Release|Any CPU
		{0C9996B0-20E6-47D6-BA34-E58C7A6FC534}.Release|ARM.Build.0 = Release|Any CPU
		{0C9996B0-20E6-47D6-BA34-E58C7A6FC534}.Release|iPhone.ActiveCfg = Release|Any CPU
		{0C9996B0-20E6-47D6-BA34-E58C7A6FC534}.Release|iPhone.Build.0 = Release|Any CPU
		{0C9996B0-20E6-47D6-BA34-E58C7A6FC534}.Release|iPhoneSimulator.ActiveCfg = Release|Any CPU
		{0C9996B0-20E6-47D6-BA34-E58C7A6FC534}.Release|iPhoneSimulator.Build.0 = Release|Any CPU
		{0C9996B0-20E6-47D6-BA34-E58C7A6FC534}.Release|x64.ActiveCfg = Release|Any CPU
		{0C9996B0-20E6-47D6-BA34-E58C7A6FC534}.Release|x64.Build.0 = Release|Any CPU
		{0C9996B0-20E6-47D6-BA34-E58C7A6FC534}.Release|x86.ActiveCfg = Release|Any CPU
		{0C9996B0-20E6-47D6-BA34-E58C7A6FC534}.Release|x86.Build.0 = Release|Any CPU
		{9F42BA5D-2FF0-47C2-B0F2-B20F914B42F2}.Ad-Hoc|Any CPU.ActiveCfg = Release|Any CPU
		{9F42BA5D-2FF0-47C2-B0F2-B20F914B42F2}.Ad-Hoc|Any CPU.Build.0 = Release|Any CPU
		{9F42BA5D-2FF0-47C2-B0F2-B20F914B42F2}.Ad-Hoc|ARM.ActiveCfg = Release|Any CPU
		{9F42BA5D-2FF0-47C2-B0F2-B20F914B42F2}.Ad-Hoc|ARM.Build.0 = Release|Any CPU
		{9F42BA5D-2FF0-47C2-B0F2-B20F914B42F2}.Ad-Hoc|iPhone.ActiveCfg = Release|Any CPU
		{9F42BA5D-2FF0-47C2-B0F2-B20F914B42F2}.Ad-Hoc|iPhone.Build.0 = Release|Any CPU
		{9F42BA5D-2FF0-47C2-B0F2-B20F914B42F2}.Ad-Hoc|iPhoneSimulator.ActiveCfg = Release|Any CPU
		{9F42BA5D-2FF0-47C2-B0F2-B20F914B42F2}.Ad-Hoc|iPhoneSimulator.Build.0 = Release|Any CPU
		{9F42BA5D-2FF0-47C2-B0F2-B20F914B42F2}.Ad-Hoc|x64.ActiveCfg = Release|Any CPU
		{9F42BA5D-2FF0-47C2-B0F2-B20F914B42F2}.Ad-Hoc|x64.Build.0 = Release|Any CPU
		{9F42BA5D-2FF0-47C2-B0F2-B20F914B42F2}.Ad-Hoc|x86.ActiveCfg = Release|Any CPU
		{9F42BA5D-2FF0-47C2-B0F2-B20F914B42F2}.Ad-Hoc|x86.Build.0 = Release|Any CPU
		{9F42BA5D-2FF0-47C2-B0F2-B20F914B42F2}.AppStore|Any CPU.ActiveCfg = Release|Any CPU
		{9F42BA5D-2FF0-47C2-B0F2-B20F914B42F2}.AppStore|Any CPU.Build.0 = Release|Any CPU
		{9F42BA5D-2FF0-47C2-B0F2-B20F914B42F2}.AppStore|ARM.ActiveCfg = Release|Any CPU
		{9F42BA5D-2FF0-47C2-B0F2-B20F914B42F2}.AppStore|ARM.Build.0 = Release|Any CPU
		{9F42BA5D-2FF0-47C2-B0F2-B20F914B42F2}.AppStore|iPhone.ActiveCfg = Release|Any CPU
		{9F42BA5D-2FF0-47C2-B0F2-B20F914B42F2}.AppStore|iPhone.Build.0 = Release|Any CPU
		{9F42BA5D-2FF0-47C2-B0F2-B20F914B42F2}.AppStore|iPhoneSimulator.ActiveCfg = Release|Any CPU
		{9F42BA5D-2FF0-47C2-B0F2-B20F914B42F2}.AppStore|iPhoneSimulator.Build.0 = Release|Any CPU
		{9F42BA5D-2FF0-47C2-B0F2-B20F914B42F2}.AppStore|x64.ActiveCfg = Release|Any CPU
		{9F42BA5D-2FF0-47C2-B0F2-B20F914B42F2}.AppStore|x64.Build.0 = Release|Any CPU
		{9F42BA5D-2FF0-47C2-B0F2-B20F914B42F2}.AppStore|x86.ActiveCfg = Release|Any CPU
		{9F42BA5D-2FF0-47C2-B0F2-B20F914B42F2}.AppStore|x86.Build.0 = Release|Any CPU
		{9F42BA5D-2FF0-47C2-B0F2-B20F914B42F2}.Debug|Any CPU.ActiveCfg = Debug|Any CPU
		{9F42BA5D-2FF0-47C2-B0F2-B20F914B42F2}.Debug|Any CPU.Build.0 = Debug|Any CPU
		{9F42BA5D-2FF0-47C2-B0F2-B20F914B42F2}.Debug|ARM.ActiveCfg = Debug|Any CPU
		{9F42BA5D-2FF0-47C2-B0F2-B20F914B42F2}.Debug|ARM.Build.0 = Debug|Any CPU
		{9F42BA5D-2FF0-47C2-B0F2-B20F914B42F2}.Debug|iPhone.ActiveCfg = Debug|Any CPU
		{9F42BA5D-2FF0-47C2-B0F2-B20F914B42F2}.Debug|iPhone.Build.0 = Debug|Any CPU
		{9F42BA5D-2FF0-47C2-B0F2-B20F914B42F2}.Debug|iPhoneSimulator.ActiveCfg = Debug|Any CPU
		{9F42BA5D-2FF0-47C2-B0F2-B20F914B42F2}.Debug|iPhoneSimulator.Build.0 = Debug|Any CPU
		{9F42BA5D-2FF0-47C2-B0F2-B20F914B42F2}.Debug|x64.ActiveCfg = Debug|Any CPU
		{9F42BA5D-2FF0-47C2-B0F2-B20F914B42F2}.Debug|x64.Build.0 = Debug|Any CPU
		{9F42BA5D-2FF0-47C2-B0F2-B20F914B42F2}.Debug|x86.ActiveCfg = Debug|Any CPU
		{9F42BA5D-2FF0-47C2-B0F2-B20F914B42F2}.Debug|x86.Build.0 = Debug|Any CPU
		{9F42BA5D-2FF0-47C2-B0F2-B20F914B42F2}.Release|Any CPU.ActiveCfg = Release|Any CPU
		{9F42BA5D-2FF0-47C2-B0F2-B20F914B42F2}.Release|Any CPU.Build.0 = Release|Any CPU
		{9F42BA5D-2FF0-47C2-B0F2-B20F914B42F2}.Release|ARM.ActiveCfg = Release|Any CPU
		{9F42BA5D-2FF0-47C2-B0F2-B20F914B42F2}.Release|ARM.Build.0 = Release|Any CPU
		{9F42BA5D-2FF0-47C2-B0F2-B20F914B42F2}.Release|iPhone.ActiveCfg = Release|Any CPU
		{9F42BA5D-2FF0-47C2-B0F2-B20F914B42F2}.Release|iPhone.Build.0 = Release|Any CPU
		{9F42BA5D-2FF0-47C2-B0F2-B20F914B42F2}.Release|iPhoneSimulator.ActiveCfg = Release|Any CPU
		{9F42BA5D-2FF0-47C2-B0F2-B20F914B42F2}.Release|iPhoneSimulator.Build.0 = Release|Any CPU
		{9F42BA5D-2FF0-47C2-B0F2-B20F914B42F2}.Release|x64.ActiveCfg = Release|Any CPU
		{9F42BA5D-2FF0-47C2-B0F2-B20F914B42F2}.Release|x64.Build.0 = Release|Any CPU
		{9F42BA5D-2FF0-47C2-B0F2-B20F914B42F2}.Release|x86.ActiveCfg = Release|Any CPU
		{9F42BA5D-2FF0-47C2-B0F2-B20F914B42F2}.Release|x86.Build.0 = Release|Any CPU
		{66095901-3A16-4788-B19D-D310E5137057}.Ad-Hoc|Any CPU.ActiveCfg = Release|Any CPU
		{66095901-3A16-4788-B19D-D310E5137057}.Ad-Hoc|Any CPU.Build.0 = Release|Any CPU
		{66095901-3A16-4788-B19D-D310E5137057}.Ad-Hoc|ARM.ActiveCfg = Release|Any CPU
		{66095901-3A16-4788-B19D-D310E5137057}.Ad-Hoc|ARM.Build.0 = Release|Any CPU
		{66095901-3A16-4788-B19D-D310E5137057}.Ad-Hoc|iPhone.ActiveCfg = Release|Any CPU
		{66095901-3A16-4788-B19D-D310E5137057}.Ad-Hoc|iPhone.Build.0 = Release|Any CPU
		{66095901-3A16-4788-B19D-D310E5137057}.Ad-Hoc|iPhoneSimulator.ActiveCfg = Release|Any CPU
		{66095901-3A16-4788-B19D-D310E5137057}.Ad-Hoc|iPhoneSimulator.Build.0 = Release|Any CPU
		{66095901-3A16-4788-B19D-D310E5137057}.Ad-Hoc|x64.ActiveCfg = Release|Any CPU
		{66095901-3A16-4788-B19D-D310E5137057}.Ad-Hoc|x64.Build.0 = Release|Any CPU
		{66095901-3A16-4788-B19D-D310E5137057}.Ad-Hoc|x86.ActiveCfg = Release|Any CPU
		{66095901-3A16-4788-B19D-D310E5137057}.Ad-Hoc|x86.Build.0 = Release|Any CPU
		{66095901-3A16-4788-B19D-D310E5137057}.AppStore|Any CPU.ActiveCfg = Release|Any CPU
		{66095901-3A16-4788-B19D-D310E5137057}.AppStore|Any CPU.Build.0 = Release|Any CPU
		{66095901-3A16-4788-B19D-D310E5137057}.AppStore|ARM.ActiveCfg = Release|Any CPU
		{66095901-3A16-4788-B19D-D310E5137057}.AppStore|ARM.Build.0 = Release|Any CPU
		{66095901-3A16-4788-B19D-D310E5137057}.AppStore|iPhone.ActiveCfg = Release|Any CPU
		{66095901-3A16-4788-B19D-D310E5137057}.AppStore|iPhone.Build.0 = Release|Any CPU
		{66095901-3A16-4788-B19D-D310E5137057}.AppStore|iPhoneSimulator.ActiveCfg = Release|Any CPU
		{66095901-3A16-4788-B19D-D310E5137057}.AppStore|iPhoneSimulator.Build.0 = Release|Any CPU
		{66095901-3A16-4788-B19D-D310E5137057}.AppStore|x64.ActiveCfg = Release|Any CPU
		{66095901-3A16-4788-B19D-D310E5137057}.AppStore|x64.Build.0 = Release|Any CPU
		{66095901-3A16-4788-B19D-D310E5137057}.AppStore|x86.ActiveCfg = Release|Any CPU
		{66095901-3A16-4788-B19D-D310E5137057}.AppStore|x86.Build.0 = Release|Any CPU
		{66095901-3A16-4788-B19D-D310E5137057}.Debug|Any CPU.ActiveCfg = Debug|Any CPU
		{66095901-3A16-4788-B19D-D310E5137057}.Debug|Any CPU.Build.0 = Debug|Any CPU
		{66095901-3A16-4788-B19D-D310E5137057}.Debug|ARM.ActiveCfg = Debug|Any CPU
		{66095901-3A16-4788-B19D-D310E5137057}.Debug|ARM.Build.0 = Debug|Any CPU
		{66095901-3A16-4788-B19D-D310E5137057}.Debug|iPhone.ActiveCfg = Debug|Any CPU
		{66095901-3A16-4788-B19D-D310E5137057}.Debug|iPhone.Build.0 = Debug|Any CPU
		{66095901-3A16-4788-B19D-D310E5137057}.Debug|iPhoneSimulator.ActiveCfg = Debug|Any CPU
		{66095901-3A16-4788-B19D-D310E5137057}.Debug|iPhoneSimulator.Build.0 = Debug|Any CPU
		{66095901-3A16-4788-B19D-D310E5137057}.Debug|x64.ActiveCfg = Debug|Any CPU
		{66095901-3A16-4788-B19D-D310E5137057}.Debug|x64.Build.0 = Debug|Any CPU
		{66095901-3A16-4788-B19D-D310E5137057}.Debug|x86.ActiveCfg = Debug|Any CPU
		{66095901-3A16-4788-B19D-D310E5137057}.Debug|x86.Build.0 = Debug|Any CPU
		{66095901-3A16-4788-B19D-D310E5137057}.Release|Any CPU.ActiveCfg = Release|Any CPU
		{66095901-3A16-4788-B19D-D310E5137057}.Release|Any CPU.Build.0 = Release|Any CPU
		{66095901-3A16-4788-B19D-D310E5137057}.Release|ARM.ActiveCfg = Release|Any CPU
		{66095901-3A16-4788-B19D-D310E5137057}.Release|ARM.Build.0 = Release|Any CPU
		{66095901-3A16-4788-B19D-D310E5137057}.Release|iPhone.ActiveCfg = Release|Any CPU
		{66095901-3A16-4788-B19D-D310E5137057}.Release|iPhone.Build.0 = Release|Any CPU
		{66095901-3A16-4788-B19D-D310E5137057}.Release|iPhoneSimulator.ActiveCfg = Release|Any CPU
		{66095901-3A16-4788-B19D-D310E5137057}.Release|iPhoneSimulator.Build.0 = Release|Any CPU
		{66095901-3A16-4788-B19D-D310E5137057}.Release|x64.ActiveCfg = Release|Any CPU
		{66095901-3A16-4788-B19D-D310E5137057}.Release|x64.Build.0 = Release|Any CPU
		{66095901-3A16-4788-B19D-D310E5137057}.Release|x86.ActiveCfg = Release|Any CPU
		{66095901-3A16-4788-B19D-D310E5137057}.Release|x86.Build.0 = Release|Any CPU
		{849AA350-21AF-45E5-9D32-D67CF5DB41C2}.Ad-Hoc|Any CPU.ActiveCfg = Release|Any CPU
		{849AA350-21AF-45E5-9D32-D67CF5DB41C2}.Ad-Hoc|Any CPU.Build.0 = Release|Any CPU
		{849AA350-21AF-45E5-9D32-D67CF5DB41C2}.Ad-Hoc|ARM.ActiveCfg = Release|Any CPU
		{849AA350-21AF-45E5-9D32-D67CF5DB41C2}.Ad-Hoc|ARM.Build.0 = Release|Any CPU
		{849AA350-21AF-45E5-9D32-D67CF5DB41C2}.Ad-Hoc|iPhone.ActiveCfg = Release|Any CPU
		{849AA350-21AF-45E5-9D32-D67CF5DB41C2}.Ad-Hoc|iPhone.Build.0 = Release|Any CPU
		{849AA350-21AF-45E5-9D32-D67CF5DB41C2}.Ad-Hoc|iPhoneSimulator.ActiveCfg = Release|Any CPU
		{849AA350-21AF-45E5-9D32-D67CF5DB41C2}.Ad-Hoc|iPhoneSimulator.Build.0 = Release|Any CPU
		{849AA350-21AF-45E5-9D32-D67CF5DB41C2}.Ad-Hoc|x64.ActiveCfg = Release|Any CPU
		{849AA350-21AF-45E5-9D32-D67CF5DB41C2}.Ad-Hoc|x64.Build.0 = Release|Any CPU
		{849AA350-21AF-45E5-9D32-D67CF5DB41C2}.Ad-Hoc|x86.ActiveCfg = Release|Any CPU
		{849AA350-21AF-45E5-9D32-D67CF5DB41C2}.Ad-Hoc|x86.Build.0 = Release|Any CPU
		{849AA350-21AF-45E5-9D32-D67CF5DB41C2}.AppStore|Any CPU.ActiveCfg = Release|Any CPU
		{849AA350-21AF-45E5-9D32-D67CF5DB41C2}.AppStore|Any CPU.Build.0 = Release|Any CPU
		{849AA350-21AF-45E5-9D32-D67CF5DB41C2}.AppStore|ARM.ActiveCfg = Release|Any CPU
		{849AA350-21AF-45E5-9D32-D67CF5DB41C2}.AppStore|ARM.Build.0 = Release|Any CPU
		{849AA350-21AF-45E5-9D32-D67CF5DB41C2}.AppStore|iPhone.ActiveCfg = Release|Any CPU
		{849AA350-21AF-45E5-9D32-D67CF5DB41C2}.AppStore|iPhone.Build.0 = Release|Any CPU
		{849AA350-21AF-45E5-9D32-D67CF5DB41C2}.AppStore|iPhoneSimulator.ActiveCfg = Release|Any CPU
		{849AA350-21AF-45E5-9D32-D67CF5DB41C2}.AppStore|iPhoneSimulator.Build.0 = Release|Any CPU
		{849AA350-21AF-45E5-9D32-D67CF5DB41C2}.AppStore|x64.ActiveCfg = Release|Any CPU
		{849AA350-21AF-45E5-9D32-D67CF5DB41C2}.AppStore|x64.Build.0 = Release|Any CPU
		{849AA350-21AF-45E5-9D32-D67CF5DB41C2}.AppStore|x86.ActiveCfg = Release|Any CPU
		{849AA350-21AF-45E5-9D32-D67CF5DB41C2}.AppStore|x86.Build.0 = Release|Any CPU
		{849AA350-21AF-45E5-9D32-D67CF5DB41C2}.Debug|Any CPU.ActiveCfg = Debug|Any CPU
		{849AA350-21AF-45E5-9D32-D67CF5DB41C2}.Debug|Any CPU.Build.0 = Debug|Any CPU
		{849AA350-21AF-45E5-9D32-D67CF5DB41C2}.Debug|ARM.ActiveCfg = Debug|Any CPU
		{849AA350-21AF-45E5-9D32-D67CF5DB41C2}.Debug|ARM.Build.0 = Debug|Any CPU
		{849AA350-21AF-45E5-9D32-D67CF5DB41C2}.Debug|iPhone.ActiveCfg = Debug|Any CPU
		{849AA350-21AF-45E5-9D32-D67CF5DB41C2}.Debug|iPhone.Build.0 = Debug|Any CPU
		{849AA350-21AF-45E5-9D32-D67CF5DB41C2}.Debug|iPhoneSimulator.ActiveCfg = Debug|Any CPU
		{849AA350-21AF-45E5-9D32-D67CF5DB41C2}.Debug|iPhoneSimulator.Build.0 = Debug|Any CPU
		{849AA350-21AF-45E5-9D32-D67CF5DB41C2}.Debug|x64.ActiveCfg = Debug|Any CPU
		{849AA350-21AF-45E5-9D32-D67CF5DB41C2}.Debug|x64.Build.0 = Debug|Any CPU
		{849AA350-21AF-45E5-9D32-D67CF5DB41C2}.Debug|x86.ActiveCfg = Debug|Any CPU
		{849AA350-21AF-45E5-9D32-D67CF5DB41C2}.Debug|x86.Build.0 = Debug|Any CPU
		{849AA350-21AF-45E5-9D32-D67CF5DB41C2}.Release|Any CPU.ActiveCfg = Release|Any CPU
		{849AA350-21AF-45E5-9D32-D67CF5DB41C2}.Release|Any CPU.Build.0 = Release|Any CPU
		{849AA350-21AF-45E5-9D32-D67CF5DB41C2}.Release|ARM.ActiveCfg = Release|Any CPU
		{849AA350-21AF-45E5-9D32-D67CF5DB41C2}.Release|ARM.Build.0 = Release|Any CPU
		{849AA350-21AF-45E5-9D32-D67CF5DB41C2}.Release|iPhone.ActiveCfg = Release|Any CPU
		{849AA350-21AF-45E5-9D32-D67CF5DB41C2}.Release|iPhone.Build.0 = Release|Any CPU
		{849AA350-21AF-45E5-9D32-D67CF5DB41C2}.Release|iPhoneSimulator.ActiveCfg = Release|Any CPU
		{849AA350-21AF-45E5-9D32-D67CF5DB41C2}.Release|iPhoneSimulator.Build.0 = Release|Any CPU
		{849AA350-21AF-45E5-9D32-D67CF5DB41C2}.Release|x64.ActiveCfg = Release|Any CPU
		{849AA350-21AF-45E5-9D32-D67CF5DB41C2}.Release|x64.Build.0 = Release|Any CPU
		{849AA350-21AF-45E5-9D32-D67CF5DB41C2}.Release|x86.ActiveCfg = Release|Any CPU
		{849AA350-21AF-45E5-9D32-D67CF5DB41C2}.Release|x86.Build.0 = Release|Any CPU
		{3112B291-A010-4285-AA15-16039C3A3D9B}.Ad-Hoc|Any CPU.ActiveCfg = Release|Any CPU
		{3112B291-A010-4285-AA15-16039C3A3D9B}.Ad-Hoc|Any CPU.Build.0 = Release|Any CPU
		{3112B291-A010-4285-AA15-16039C3A3D9B}.Ad-Hoc|ARM.ActiveCfg = Release|Any CPU
		{3112B291-A010-4285-AA15-16039C3A3D9B}.Ad-Hoc|ARM.Build.0 = Release|Any CPU
		{3112B291-A010-4285-AA15-16039C3A3D9B}.Ad-Hoc|iPhone.ActiveCfg = Release|Any CPU
		{3112B291-A010-4285-AA15-16039C3A3D9B}.Ad-Hoc|iPhone.Build.0 = Release|Any CPU
		{3112B291-A010-4285-AA15-16039C3A3D9B}.Ad-Hoc|iPhoneSimulator.ActiveCfg = Release|Any CPU
		{3112B291-A010-4285-AA15-16039C3A3D9B}.Ad-Hoc|iPhoneSimulator.Build.0 = Release|Any CPU
		{3112B291-A010-4285-AA15-16039C3A3D9B}.Ad-Hoc|x64.ActiveCfg = Release|Any CPU
		{3112B291-A010-4285-AA15-16039C3A3D9B}.Ad-Hoc|x64.Build.0 = Release|Any CPU
		{3112B291-A010-4285-AA15-16039C3A3D9B}.Ad-Hoc|x86.ActiveCfg = Release|Any CPU
		{3112B291-A010-4285-AA15-16039C3A3D9B}.Ad-Hoc|x86.Build.0 = Release|Any CPU
		{3112B291-A010-4285-AA15-16039C3A3D9B}.AppStore|Any CPU.ActiveCfg = Release|Any CPU
		{3112B291-A010-4285-AA15-16039C3A3D9B}.AppStore|Any CPU.Build.0 = Release|Any CPU
		{3112B291-A010-4285-AA15-16039C3A3D9B}.AppStore|ARM.ActiveCfg = Release|Any CPU
		{3112B291-A010-4285-AA15-16039C3A3D9B}.AppStore|ARM.Build.0 = Release|Any CPU
		{3112B291-A010-4285-AA15-16039C3A3D9B}.AppStore|iPhone.ActiveCfg = Release|Any CPU
		{3112B291-A010-4285-AA15-16039C3A3D9B}.AppStore|iPhone.Build.0 = Release|Any CPU
		{3112B291-A010-4285-AA15-16039C3A3D9B}.AppStore|iPhoneSimulator.ActiveCfg = Release|Any CPU
		{3112B291-A010-4285-AA15-16039C3A3D9B}.AppStore|iPhoneSimulator.Build.0 = Release|Any CPU
		{3112B291-A010-4285-AA15-16039C3A3D9B}.AppStore|x64.ActiveCfg = Release|Any CPU
		{3112B291-A010-4285-AA15-16039C3A3D9B}.AppStore|x64.Build.0 = Release|Any CPU
		{3112B291-A010-4285-AA15-16039C3A3D9B}.AppStore|x86.ActiveCfg = Release|Any CPU
		{3112B291-A010-4285-AA15-16039C3A3D9B}.AppStore|x86.Build.0 = Release|Any CPU
		{3112B291-A010-4285-AA15-16039C3A3D9B}.Debug|Any CPU.ActiveCfg = Debug|Any CPU
		{3112B291-A010-4285-AA15-16039C3A3D9B}.Debug|Any CPU.Build.0 = Debug|Any CPU
		{3112B291-A010-4285-AA15-16039C3A3D9B}.Debug|ARM.ActiveCfg = Debug|Any CPU
		{3112B291-A010-4285-AA15-16039C3A3D9B}.Debug|ARM.Build.0 = Debug|Any CPU
		{3112B291-A010-4285-AA15-16039C3A3D9B}.Debug|iPhone.ActiveCfg = Debug|Any CPU
		{3112B291-A010-4285-AA15-16039C3A3D9B}.Debug|iPhone.Build.0 = Debug|Any CPU
		{3112B291-A010-4285-AA15-16039C3A3D9B}.Debug|iPhoneSimulator.ActiveCfg = Debug|Any CPU
		{3112B291-A010-4285-AA15-16039C3A3D9B}.Debug|iPhoneSimulator.Build.0 = Debug|Any CPU
		{3112B291-A010-4285-AA15-16039C3A3D9B}.Debug|x64.ActiveCfg = Debug|Any CPU
		{3112B291-A010-4285-AA15-16039C3A3D9B}.Debug|x64.Build.0 = Debug|Any CPU
		{3112B291-A010-4285-AA15-16039C3A3D9B}.Debug|x86.ActiveCfg = Debug|Any CPU
		{3112B291-A010-4285-AA15-16039C3A3D9B}.Debug|x86.Build.0 = Debug|Any CPU
		{3112B291-A010-4285-AA15-16039C3A3D9B}.Release|Any CPU.ActiveCfg = Release|Any CPU
		{3112B291-A010-4285-AA15-16039C3A3D9B}.Release|Any CPU.Build.0 = Release|Any CPU
		{3112B291-A010-4285-AA15-16039C3A3D9B}.Release|ARM.ActiveCfg = Release|Any CPU
		{3112B291-A010-4285-AA15-16039C3A3D9B}.Release|ARM.Build.0 = Release|Any CPU
		{3112B291-A010-4285-AA15-16039C3A3D9B}.Release|iPhone.ActiveCfg = Release|Any CPU
		{3112B291-A010-4285-AA15-16039C3A3D9B}.Release|iPhone.Build.0 = Release|Any CPU
		{3112B291-A010-4285-AA15-16039C3A3D9B}.Release|iPhoneSimulator.ActiveCfg = Release|Any CPU
		{3112B291-A010-4285-AA15-16039C3A3D9B}.Release|iPhoneSimulator.Build.0 = Release|Any CPU
		{3112B291-A010-4285-AA15-16039C3A3D9B}.Release|x64.ActiveCfg = Release|Any CPU
		{3112B291-A010-4285-AA15-16039C3A3D9B}.Release|x64.Build.0 = Release|Any CPU
		{3112B291-A010-4285-AA15-16039C3A3D9B}.Release|x86.ActiveCfg = Release|Any CPU
		{3112B291-A010-4285-AA15-16039C3A3D9B}.Release|x86.Build.0 = Release|Any CPU
		{043F0A2F-8C55-4455-B226-1987500F1606}.Ad-Hoc|Any CPU.ActiveCfg = Release|Any CPU
		{043F0A2F-8C55-4455-B226-1987500F1606}.Ad-Hoc|Any CPU.Build.0 = Release|Any CPU
		{043F0A2F-8C55-4455-B226-1987500F1606}.Ad-Hoc|ARM.ActiveCfg = Release|Any CPU
		{043F0A2F-8C55-4455-B226-1987500F1606}.Ad-Hoc|ARM.Build.0 = Release|Any CPU
		{043F0A2F-8C55-4455-B226-1987500F1606}.Ad-Hoc|iPhone.ActiveCfg = Release|Any CPU
		{043F0A2F-8C55-4455-B226-1987500F1606}.Ad-Hoc|iPhone.Build.0 = Release|Any CPU
		{043F0A2F-8C55-4455-B226-1987500F1606}.Ad-Hoc|iPhoneSimulator.ActiveCfg = Release|Any CPU
		{043F0A2F-8C55-4455-B226-1987500F1606}.Ad-Hoc|iPhoneSimulator.Build.0 = Release|Any CPU
		{043F0A2F-8C55-4455-B226-1987500F1606}.Ad-Hoc|x64.ActiveCfg = Release|Any CPU
		{043F0A2F-8C55-4455-B226-1987500F1606}.Ad-Hoc|x64.Build.0 = Release|Any CPU
		{043F0A2F-8C55-4455-B226-1987500F1606}.Ad-Hoc|x86.ActiveCfg = Release|Any CPU
		{043F0A2F-8C55-4455-B226-1987500F1606}.Ad-Hoc|x86.Build.0 = Release|Any CPU
		{043F0A2F-8C55-4455-B226-1987500F1606}.AppStore|Any CPU.ActiveCfg = Release|Any CPU
		{043F0A2F-8C55-4455-B226-1987500F1606}.AppStore|Any CPU.Build.0 = Release|Any CPU
		{043F0A2F-8C55-4455-B226-1987500F1606}.AppStore|ARM.ActiveCfg = Release|Any CPU
		{043F0A2F-8C55-4455-B226-1987500F1606}.AppStore|ARM.Build.0 = Release|Any CPU
		{043F0A2F-8C55-4455-B226-1987500F1606}.AppStore|iPhone.ActiveCfg = Release|Any CPU
		{043F0A2F-8C55-4455-B226-1987500F1606}.AppStore|iPhone.Build.0 = Release|Any CPU
		{043F0A2F-8C55-4455-B226-1987500F1606}.AppStore|iPhoneSimulator.ActiveCfg = Release|Any CPU
		{043F0A2F-8C55-4455-B226-1987500F1606}.AppStore|iPhoneSimulator.Build.0 = Release|Any CPU
		{043F0A2F-8C55-4455-B226-1987500F1606}.AppStore|x64.ActiveCfg = Release|Any CPU
		{043F0A2F-8C55-4455-B226-1987500F1606}.AppStore|x64.Build.0 = Release|Any CPU
		{043F0A2F-8C55-4455-B226-1987500F1606}.AppStore|x86.ActiveCfg = Release|Any CPU
		{043F0A2F-8C55-4455-B226-1987500F1606}.AppStore|x86.Build.0 = Release|Any CPU
		{043F0A2F-8C55-4455-B226-1987500F1606}.Debug|Any CPU.ActiveCfg = Debug|Any CPU
		{043F0A2F-8C55-4455-B226-1987500F1606}.Debug|Any CPU.Build.0 = Debug|Any CPU
		{043F0A2F-8C55-4455-B226-1987500F1606}.Debug|ARM.ActiveCfg = Debug|Any CPU
		{043F0A2F-8C55-4455-B226-1987500F1606}.Debug|ARM.Build.0 = Debug|Any CPU
		{043F0A2F-8C55-4455-B226-1987500F1606}.Debug|iPhone.ActiveCfg = Debug|Any CPU
		{043F0A2F-8C55-4455-B226-1987500F1606}.Debug|iPhone.Build.0 = Debug|Any CPU
		{043F0A2F-8C55-4455-B226-1987500F1606}.Debug|iPhoneSimulator.ActiveCfg = Debug|Any CPU
		{043F0A2F-8C55-4455-B226-1987500F1606}.Debug|iPhoneSimulator.Build.0 = Debug|Any CPU
		{043F0A2F-8C55-4455-B226-1987500F1606}.Debug|x64.ActiveCfg = Debug|Any CPU
		{043F0A2F-8C55-4455-B226-1987500F1606}.Debug|x64.Build.0 = Debug|Any CPU
		{043F0A2F-8C55-4455-B226-1987500F1606}.Debug|x86.ActiveCfg = Debug|Any CPU
		{043F0A2F-8C55-4455-B226-1987500F1606}.Debug|x86.Build.0 = Debug|Any CPU
		{043F0A2F-8C55-4455-B226-1987500F1606}.Release|Any CPU.ActiveCfg = Release|Any CPU
		{043F0A2F-8C55-4455-B226-1987500F1606}.Release|Any CPU.Build.0 = Release|Any CPU
		{043F0A2F-8C55-4455-B226-1987500F1606}.Release|ARM.ActiveCfg = Release|Any CPU
		{043F0A2F-8C55-4455-B226-1987500F1606}.Release|ARM.Build.0 = Release|Any CPU
		{043F0A2F-8C55-4455-B226-1987500F1606}.Release|iPhone.ActiveCfg = Release|Any CPU
		{043F0A2F-8C55-4455-B226-1987500F1606}.Release|iPhone.Build.0 = Release|Any CPU
		{043F0A2F-8C55-4455-B226-1987500F1606}.Release|iPhoneSimulator.ActiveCfg = Release|Any CPU
		{043F0A2F-8C55-4455-B226-1987500F1606}.Release|iPhoneSimulator.Build.0 = Release|Any CPU
		{043F0A2F-8C55-4455-B226-1987500F1606}.Release|x64.ActiveCfg = Release|Any CPU
		{043F0A2F-8C55-4455-B226-1987500F1606}.Release|x64.Build.0 = Release|Any CPU
		{043F0A2F-8C55-4455-B226-1987500F1606}.Release|x86.ActiveCfg = Release|Any CPU
		{043F0A2F-8C55-4455-B226-1987500F1606}.Release|x86.Build.0 = Release|Any CPU
		{9B967A24-3495-4D15-AEEE-8A31A7646753}.Ad-Hoc|Any CPU.ActiveCfg = Release|Any CPU
		{9B967A24-3495-4D15-AEEE-8A31A7646753}.Ad-Hoc|Any CPU.Build.0 = Release|Any CPU
		{9B967A24-3495-4D15-AEEE-8A31A7646753}.Ad-Hoc|ARM.ActiveCfg = Release|Any CPU
		{9B967A24-3495-4D15-AEEE-8A31A7646753}.Ad-Hoc|ARM.Build.0 = Release|Any CPU
		{9B967A24-3495-4D15-AEEE-8A31A7646753}.Ad-Hoc|iPhone.ActiveCfg = Release|Any CPU
		{9B967A24-3495-4D15-AEEE-8A31A7646753}.Ad-Hoc|iPhone.Build.0 = Release|Any CPU
		{9B967A24-3495-4D15-AEEE-8A31A7646753}.Ad-Hoc|iPhoneSimulator.ActiveCfg = Release|Any CPU
		{9B967A24-3495-4D15-AEEE-8A31A7646753}.Ad-Hoc|iPhoneSimulator.Build.0 = Release|Any CPU
		{9B967A24-3495-4D15-AEEE-8A31A7646753}.Ad-Hoc|x64.ActiveCfg = Release|Any CPU
		{9B967A24-3495-4D15-AEEE-8A31A7646753}.Ad-Hoc|x64.Build.0 = Release|Any CPU
		{9B967A24-3495-4D15-AEEE-8A31A7646753}.Ad-Hoc|x86.ActiveCfg = Release|Any CPU
		{9B967A24-3495-4D15-AEEE-8A31A7646753}.Ad-Hoc|x86.Build.0 = Release|Any CPU
		{9B967A24-3495-4D15-AEEE-8A31A7646753}.AppStore|Any CPU.ActiveCfg = Release|Any CPU
		{9B967A24-3495-4D15-AEEE-8A31A7646753}.AppStore|Any CPU.Build.0 = Release|Any CPU
		{9B967A24-3495-4D15-AEEE-8A31A7646753}.AppStore|ARM.ActiveCfg = Release|Any CPU
		{9B967A24-3495-4D15-AEEE-8A31A7646753}.AppStore|ARM.Build.0 = Release|Any CPU
		{9B967A24-3495-4D15-AEEE-8A31A7646753}.AppStore|iPhone.ActiveCfg = Release|Any CPU
		{9B967A24-3495-4D15-AEEE-8A31A7646753}.AppStore|iPhone.Build.0 = Release|Any CPU
		{9B967A24-3495-4D15-AEEE-8A31A7646753}.AppStore|iPhoneSimulator.ActiveCfg = Release|Any CPU
		{9B967A24-3495-4D15-AEEE-8A31A7646753}.AppStore|iPhoneSimulator.Build.0 = Release|Any CPU
		{9B967A24-3495-4D15-AEEE-8A31A7646753}.AppStore|x64.ActiveCfg = Release|Any CPU
		{9B967A24-3495-4D15-AEEE-8A31A7646753}.AppStore|x64.Build.0 = Release|Any CPU
		{9B967A24-3495-4D15-AEEE-8A31A7646753}.AppStore|x86.ActiveCfg = Release|Any CPU
		{9B967A24-3495-4D15-AEEE-8A31A7646753}.AppStore|x86.Build.0 = Release|Any CPU
		{9B967A24-3495-4D15-AEEE-8A31A7646753}.Debug|Any CPU.ActiveCfg = Debug|Any CPU
		{9B967A24-3495-4D15-AEEE-8A31A7646753}.Debug|Any CPU.Build.0 = Debug|Any CPU
		{9B967A24-3495-4D15-AEEE-8A31A7646753}.Debug|ARM.ActiveCfg = Debug|Any CPU
		{9B967A24-3495-4D15-AEEE-8A31A7646753}.Debug|ARM.Build.0 = Debug|Any CPU
		{9B967A24-3495-4D15-AEEE-8A31A7646753}.Debug|iPhone.ActiveCfg = Debug|Any CPU
		{9B967A24-3495-4D15-AEEE-8A31A7646753}.Debug|iPhone.Build.0 = Debug|Any CPU
		{9B967A24-3495-4D15-AEEE-8A31A7646753}.Debug|iPhoneSimulator.ActiveCfg = Debug|Any CPU
		{9B967A24-3495-4D15-AEEE-8A31A7646753}.Debug|iPhoneSimulator.Build.0 = Debug|Any CPU
		{9B967A24-3495-4D15-AEEE-8A31A7646753}.Debug|x64.ActiveCfg = Debug|Any CPU
		{9B967A24-3495-4D15-AEEE-8A31A7646753}.Debug|x64.Build.0 = Debug|Any CPU
		{9B967A24-3495-4D15-AEEE-8A31A7646753}.Debug|x86.ActiveCfg = Debug|Any CPU
		{9B967A24-3495-4D15-AEEE-8A31A7646753}.Debug|x86.Build.0 = Debug|Any CPU
		{9B967A24-3495-4D15-AEEE-8A31A7646753}.Release|Any CPU.ActiveCfg = Release|Any CPU
		{9B967A24-3495-4D15-AEEE-8A31A7646753}.Release|Any CPU.Build.0 = Release|Any CPU
		{9B967A24-3495-4D15-AEEE-8A31A7646753}.Release|ARM.ActiveCfg = Release|Any CPU
		{9B967A24-3495-4D15-AEEE-8A31A7646753}.Release|ARM.Build.0 = Release|Any CPU
		{9B967A24-3495-4D15-AEEE-8A31A7646753}.Release|iPhone.ActiveCfg = Release|Any CPU
		{9B967A24-3495-4D15-AEEE-8A31A7646753}.Release|iPhone.Build.0 = Release|Any CPU
		{9B967A24-3495-4D15-AEEE-8A31A7646753}.Release|iPhoneSimulator.ActiveCfg = Release|Any CPU
		{9B967A24-3495-4D15-AEEE-8A31A7646753}.Release|iPhoneSimulator.Build.0 = Release|Any CPU
		{9B967A24-3495-4D15-AEEE-8A31A7646753}.Release|x64.ActiveCfg = Release|Any CPU
		{9B967A24-3495-4D15-AEEE-8A31A7646753}.Release|x64.Build.0 = Release|Any CPU
		{9B967A24-3495-4D15-AEEE-8A31A7646753}.Release|x86.ActiveCfg = Release|Any CPU
		{9B967A24-3495-4D15-AEEE-8A31A7646753}.Release|x86.Build.0 = Release|Any CPU
		{0D470EBD-CFA9-4ED2-B90E-5BEEA9A8A78A}.Ad-Hoc|Any CPU.ActiveCfg = Release|Any CPU
		{0D470EBD-CFA9-4ED2-B90E-5BEEA9A8A78A}.Ad-Hoc|Any CPU.Build.0 = Release|Any CPU
		{0D470EBD-CFA9-4ED2-B90E-5BEEA9A8A78A}.Ad-Hoc|ARM.ActiveCfg = Release|Any CPU
		{0D470EBD-CFA9-4ED2-B90E-5BEEA9A8A78A}.Ad-Hoc|ARM.Build.0 = Release|Any CPU
		{0D470EBD-CFA9-4ED2-B90E-5BEEA9A8A78A}.Ad-Hoc|iPhone.ActiveCfg = Release|Any CPU
		{0D470EBD-CFA9-4ED2-B90E-5BEEA9A8A78A}.Ad-Hoc|iPhone.Build.0 = Release|Any CPU
		{0D470EBD-CFA9-4ED2-B90E-5BEEA9A8A78A}.Ad-Hoc|iPhoneSimulator.ActiveCfg = Release|Any CPU
		{0D470EBD-CFA9-4ED2-B90E-5BEEA9A8A78A}.Ad-Hoc|iPhoneSimulator.Build.0 = Release|Any CPU
		{0D470EBD-CFA9-4ED2-B90E-5BEEA9A8A78A}.Ad-Hoc|x64.ActiveCfg = Release|Any CPU
		{0D470EBD-CFA9-4ED2-B90E-5BEEA9A8A78A}.Ad-Hoc|x64.Build.0 = Release|Any CPU
		{0D470EBD-CFA9-4ED2-B90E-5BEEA9A8A78A}.Ad-Hoc|x86.ActiveCfg = Release|Any CPU
		{0D470EBD-CFA9-4ED2-B90E-5BEEA9A8A78A}.Ad-Hoc|x86.Build.0 = Release|Any CPU
		{0D470EBD-CFA9-4ED2-B90E-5BEEA9A8A78A}.AppStore|Any CPU.ActiveCfg = Release|Any CPU
		{0D470EBD-CFA9-4ED2-B90E-5BEEA9A8A78A}.AppStore|Any CPU.Build.0 = Release|Any CPU
		{0D470EBD-CFA9-4ED2-B90E-5BEEA9A8A78A}.AppStore|ARM.ActiveCfg = Release|Any CPU
		{0D470EBD-CFA9-4ED2-B90E-5BEEA9A8A78A}.AppStore|ARM.Build.0 = Release|Any CPU
		{0D470EBD-CFA9-4ED2-B90E-5BEEA9A8A78A}.AppStore|iPhone.ActiveCfg = Release|Any CPU
		{0D470EBD-CFA9-4ED2-B90E-5BEEA9A8A78A}.AppStore|iPhone.Build.0 = Release|Any CPU
		{0D470EBD-CFA9-4ED2-B90E-5BEEA9A8A78A}.AppStore|iPhoneSimulator.ActiveCfg = Release|Any CPU
		{0D470EBD-CFA9-4ED2-B90E-5BEEA9A8A78A}.AppStore|iPhoneSimulator.Build.0 = Release|Any CPU
		{0D470EBD-CFA9-4ED2-B90E-5BEEA9A8A78A}.AppStore|x64.ActiveCfg = Release|Any CPU
		{0D470EBD-CFA9-4ED2-B90E-5BEEA9A8A78A}.AppStore|x64.Build.0 = Release|Any CPU
		{0D470EBD-CFA9-4ED2-B90E-5BEEA9A8A78A}.AppStore|x86.ActiveCfg = Release|Any CPU
		{0D470EBD-CFA9-4ED2-B90E-5BEEA9A8A78A}.AppStore|x86.Build.0 = Release|Any CPU
		{0D470EBD-CFA9-4ED2-B90E-5BEEA9A8A78A}.Debug|Any CPU.ActiveCfg = Debug|Any CPU
		{0D470EBD-CFA9-4ED2-B90E-5BEEA9A8A78A}.Debug|Any CPU.Build.0 = Debug|Any CPU
		{0D470EBD-CFA9-4ED2-B90E-5BEEA9A8A78A}.Debug|ARM.ActiveCfg = Debug|Any CPU
		{0D470EBD-CFA9-4ED2-B90E-5BEEA9A8A78A}.Debug|ARM.Build.0 = Debug|Any CPU
		{0D470EBD-CFA9-4ED2-B90E-5BEEA9A8A78A}.Debug|iPhone.ActiveCfg = Debug|Any CPU
		{0D470EBD-CFA9-4ED2-B90E-5BEEA9A8A78A}.Debug|iPhone.Build.0 = Debug|Any CPU
		{0D470EBD-CFA9-4ED2-B90E-5BEEA9A8A78A}.Debug|iPhoneSimulator.ActiveCfg = Debug|Any CPU
		{0D470EBD-CFA9-4ED2-B90E-5BEEA9A8A78A}.Debug|iPhoneSimulator.Build.0 = Debug|Any CPU
		{0D470EBD-CFA9-4ED2-B90E-5BEEA9A8A78A}.Debug|x64.ActiveCfg = Debug|Any CPU
		{0D470EBD-CFA9-4ED2-B90E-5BEEA9A8A78A}.Debug|x64.Build.0 = Debug|Any CPU
		{0D470EBD-CFA9-4ED2-B90E-5BEEA9A8A78A}.Debug|x86.ActiveCfg = Debug|Any CPU
		{0D470EBD-CFA9-4ED2-B90E-5BEEA9A8A78A}.Debug|x86.Build.0 = Debug|Any CPU
		{0D470EBD-CFA9-4ED2-B90E-5BEEA9A8A78A}.Release|Any CPU.ActiveCfg = Release|Any CPU
		{0D470EBD-CFA9-4ED2-B90E-5BEEA9A8A78A}.Release|Any CPU.Build.0 = Release|Any CPU
		{0D470EBD-CFA9-4ED2-B90E-5BEEA9A8A78A}.Release|ARM.ActiveCfg = Release|Any CPU
		{0D470EBD-CFA9-4ED2-B90E-5BEEA9A8A78A}.Release|ARM.Build.0 = Release|Any CPU
		{0D470EBD-CFA9-4ED2-B90E-5BEEA9A8A78A}.Release|iPhone.ActiveCfg = Release|Any CPU
		{0D470EBD-CFA9-4ED2-B90E-5BEEA9A8A78A}.Release|iPhone.Build.0 = Release|Any CPU
		{0D470EBD-CFA9-4ED2-B90E-5BEEA9A8A78A}.Release|iPhoneSimulator.ActiveCfg = Release|Any CPU
		{0D470EBD-CFA9-4ED2-B90E-5BEEA9A8A78A}.Release|iPhoneSimulator.Build.0 = Release|Any CPU
		{0D470EBD-CFA9-4ED2-B90E-5BEEA9A8A78A}.Release|x64.ActiveCfg = Release|Any CPU
		{0D470EBD-CFA9-4ED2-B90E-5BEEA9A8A78A}.Release|x64.Build.0 = Release|Any CPU
		{0D470EBD-CFA9-4ED2-B90E-5BEEA9A8A78A}.Release|x86.ActiveCfg = Release|Any CPU
		{0D470EBD-CFA9-4ED2-B90E-5BEEA9A8A78A}.Release|x86.Build.0 = Release|Any CPU
		{0D0DCECB-955D-4336-88C8-CEB9357148EE}.Ad-Hoc|Any CPU.ActiveCfg = Release|Any CPU
		{0D0DCECB-955D-4336-88C8-CEB9357148EE}.Ad-Hoc|Any CPU.Build.0 = Release|Any CPU
		{0D0DCECB-955D-4336-88C8-CEB9357148EE}.Ad-Hoc|ARM.ActiveCfg = Release|Any CPU
		{0D0DCECB-955D-4336-88C8-CEB9357148EE}.Ad-Hoc|ARM.Build.0 = Release|Any CPU
		{0D0DCECB-955D-4336-88C8-CEB9357148EE}.Ad-Hoc|iPhone.ActiveCfg = Release|Any CPU
		{0D0DCECB-955D-4336-88C8-CEB9357148EE}.Ad-Hoc|iPhone.Build.0 = Release|Any CPU
		{0D0DCECB-955D-4336-88C8-CEB9357148EE}.Ad-Hoc|iPhoneSimulator.ActiveCfg = Release|Any CPU
		{0D0DCECB-955D-4336-88C8-CEB9357148EE}.Ad-Hoc|iPhoneSimulator.Build.0 = Release|Any CPU
		{0D0DCECB-955D-4336-88C8-CEB9357148EE}.Ad-Hoc|x64.ActiveCfg = Release|Any CPU
		{0D0DCECB-955D-4336-88C8-CEB9357148EE}.Ad-Hoc|x64.Build.0 = Release|Any CPU
		{0D0DCECB-955D-4336-88C8-CEB9357148EE}.Ad-Hoc|x86.ActiveCfg = Release|Any CPU
		{0D0DCECB-955D-4336-88C8-CEB9357148EE}.Ad-Hoc|x86.Build.0 = Release|Any CPU
		{0D0DCECB-955D-4336-88C8-CEB9357148EE}.AppStore|Any CPU.ActiveCfg = Release|Any CPU
		{0D0DCECB-955D-4336-88C8-CEB9357148EE}.AppStore|Any CPU.Build.0 = Release|Any CPU
		{0D0DCECB-955D-4336-88C8-CEB9357148EE}.AppStore|ARM.ActiveCfg = Release|Any CPU
		{0D0DCECB-955D-4336-88C8-CEB9357148EE}.AppStore|ARM.Build.0 = Release|Any CPU
		{0D0DCECB-955D-4336-88C8-CEB9357148EE}.AppStore|iPhone.ActiveCfg = Release|Any CPU
		{0D0DCECB-955D-4336-88C8-CEB9357148EE}.AppStore|iPhone.Build.0 = Release|Any CPU
		{0D0DCECB-955D-4336-88C8-CEB9357148EE}.AppStore|iPhoneSimulator.ActiveCfg = Release|Any CPU
		{0D0DCECB-955D-4336-88C8-CEB9357148EE}.AppStore|iPhoneSimulator.Build.0 = Release|Any CPU
		{0D0DCECB-955D-4336-88C8-CEB9357148EE}.AppStore|x64.ActiveCfg = Release|Any CPU
		{0D0DCECB-955D-4336-88C8-CEB9357148EE}.AppStore|x64.Build.0 = Release|Any CPU
		{0D0DCECB-955D-4336-88C8-CEB9357148EE}.AppStore|x86.ActiveCfg = Release|Any CPU
		{0D0DCECB-955D-4336-88C8-CEB9357148EE}.AppStore|x86.Build.0 = Release|Any CPU
		{0D0DCECB-955D-4336-88C8-CEB9357148EE}.Debug|Any CPU.ActiveCfg = Debug|Any CPU
		{0D0DCECB-955D-4336-88C8-CEB9357148EE}.Debug|Any CPU.Build.0 = Debug|Any CPU
		{0D0DCECB-955D-4336-88C8-CEB9357148EE}.Debug|ARM.ActiveCfg = Debug|Any CPU
		{0D0DCECB-955D-4336-88C8-CEB9357148EE}.Debug|ARM.Build.0 = Debug|Any CPU
		{0D0DCECB-955D-4336-88C8-CEB9357148EE}.Debug|iPhone.ActiveCfg = Debug|Any CPU
		{0D0DCECB-955D-4336-88C8-CEB9357148EE}.Debug|iPhone.Build.0 = Debug|Any CPU
		{0D0DCECB-955D-4336-88C8-CEB9357148EE}.Debug|iPhoneSimulator.ActiveCfg = Debug|Any CPU
		{0D0DCECB-955D-4336-88C8-CEB9357148EE}.Debug|iPhoneSimulator.Build.0 = Debug|Any CPU
		{0D0DCECB-955D-4336-88C8-CEB9357148EE}.Debug|x64.ActiveCfg = Debug|Any CPU
		{0D0DCECB-955D-4336-88C8-CEB9357148EE}.Debug|x64.Build.0 = Debug|Any CPU
		{0D0DCECB-955D-4336-88C8-CEB9357148EE}.Debug|x86.ActiveCfg = Debug|Any CPU
		{0D0DCECB-955D-4336-88C8-CEB9357148EE}.Debug|x86.Build.0 = Debug|Any CPU
		{0D0DCECB-955D-4336-88C8-CEB9357148EE}.Release|Any CPU.ActiveCfg = Release|Any CPU
		{0D0DCECB-955D-4336-88C8-CEB9357148EE}.Release|Any CPU.Build.0 = Release|Any CPU
		{0D0DCECB-955D-4336-88C8-CEB9357148EE}.Release|ARM.ActiveCfg = Release|Any CPU
		{0D0DCECB-955D-4336-88C8-CEB9357148EE}.Release|ARM.Build.0 = Release|Any CPU
		{0D0DCECB-955D-4336-88C8-CEB9357148EE}.Release|iPhone.ActiveCfg = Release|Any CPU
		{0D0DCECB-955D-4336-88C8-CEB9357148EE}.Release|iPhone.Build.0 = Release|Any CPU
		{0D0DCECB-955D-4336-88C8-CEB9357148EE}.Release|iPhoneSimulator.ActiveCfg = Release|Any CPU
		{0D0DCECB-955D-4336-88C8-CEB9357148EE}.Release|iPhoneSimulator.Build.0 = Release|Any CPU
		{0D0DCECB-955D-4336-88C8-CEB9357148EE}.Release|x64.ActiveCfg = Release|Any CPU
		{0D0DCECB-955D-4336-88C8-CEB9357148EE}.Release|x64.Build.0 = Release|Any CPU
		{0D0DCECB-955D-4336-88C8-CEB9357148EE}.Release|x86.ActiveCfg = Release|Any CPU
		{0D0DCECB-955D-4336-88C8-CEB9357148EE}.Release|x86.Build.0 = Release|Any CPU
		{32E6716B-2B95-4885-8F6D-C1804A7D028A}.Ad-Hoc|Any CPU.ActiveCfg = Ad-Hoc|iPhone
		{32E6716B-2B95-4885-8F6D-C1804A7D028A}.Ad-Hoc|ARM.ActiveCfg = Ad-Hoc|iPhone
		{32E6716B-2B95-4885-8F6D-C1804A7D028A}.Ad-Hoc|iPhone.ActiveCfg = Ad-Hoc|iPhone
		{32E6716B-2B95-4885-8F6D-C1804A7D028A}.Ad-Hoc|iPhone.Build.0 = Ad-Hoc|iPhone
		{32E6716B-2B95-4885-8F6D-C1804A7D028A}.Ad-Hoc|iPhoneSimulator.ActiveCfg = Ad-Hoc|iPhoneSimulator
		{32E6716B-2B95-4885-8F6D-C1804A7D028A}.Ad-Hoc|iPhoneSimulator.Build.0 = Ad-Hoc|iPhoneSimulator
		{32E6716B-2B95-4885-8F6D-C1804A7D028A}.Ad-Hoc|x64.ActiveCfg = Ad-Hoc|iPhone
		{32E6716B-2B95-4885-8F6D-C1804A7D028A}.Ad-Hoc|x86.ActiveCfg = Ad-Hoc|iPhone
		{32E6716B-2B95-4885-8F6D-C1804A7D028A}.AppStore|Any CPU.ActiveCfg = AppStore|iPhone
		{32E6716B-2B95-4885-8F6D-C1804A7D028A}.AppStore|ARM.ActiveCfg = AppStore|iPhone
		{32E6716B-2B95-4885-8F6D-C1804A7D028A}.AppStore|iPhone.ActiveCfg = AppStore|iPhone
		{32E6716B-2B95-4885-8F6D-C1804A7D028A}.AppStore|iPhone.Build.0 = AppStore|iPhone
		{32E6716B-2B95-4885-8F6D-C1804A7D028A}.AppStore|iPhoneSimulator.ActiveCfg = AppStore|iPhoneSimulator
		{32E6716B-2B95-4885-8F6D-C1804A7D028A}.AppStore|iPhoneSimulator.Build.0 = AppStore|iPhoneSimulator
		{32E6716B-2B95-4885-8F6D-C1804A7D028A}.AppStore|x64.ActiveCfg = AppStore|iPhone
		{32E6716B-2B95-4885-8F6D-C1804A7D028A}.AppStore|x86.ActiveCfg = AppStore|iPhone
		{32E6716B-2B95-4885-8F6D-C1804A7D028A}.Debug|Any CPU.ActiveCfg = Debug|iPhone
		{32E6716B-2B95-4885-8F6D-C1804A7D028A}.Debug|ARM.ActiveCfg = Debug|iPhone
		{32E6716B-2B95-4885-8F6D-C1804A7D028A}.Debug|iPhone.ActiveCfg = Debug|iPhone
		{32E6716B-2B95-4885-8F6D-C1804A7D028A}.Debug|iPhone.Build.0 = Debug|iPhone
		{32E6716B-2B95-4885-8F6D-C1804A7D028A}.Debug|iPhoneSimulator.ActiveCfg = Debug|iPhoneSimulator
		{32E6716B-2B95-4885-8F6D-C1804A7D028A}.Debug|iPhoneSimulator.Build.0 = Debug|iPhoneSimulator
		{32E6716B-2B95-4885-8F6D-C1804A7D028A}.Debug|x64.ActiveCfg = Debug|iPhone
		{32E6716B-2B95-4885-8F6D-C1804A7D028A}.Debug|x86.ActiveCfg = Debug|iPhone
		{32E6716B-2B95-4885-8F6D-C1804A7D028A}.Release|Any CPU.ActiveCfg = Release|iPhone
		{32E6716B-2B95-4885-8F6D-C1804A7D028A}.Release|ARM.ActiveCfg = Release|iPhone
		{32E6716B-2B95-4885-8F6D-C1804A7D028A}.Release|iPhone.ActiveCfg = Release|iPhone
		{32E6716B-2B95-4885-8F6D-C1804A7D028A}.Release|iPhone.Build.0 = Release|iPhone
		{32E6716B-2B95-4885-8F6D-C1804A7D028A}.Release|iPhoneSimulator.ActiveCfg = Release|iPhoneSimulator
		{32E6716B-2B95-4885-8F6D-C1804A7D028A}.Release|iPhoneSimulator.Build.0 = Release|iPhoneSimulator
		{32E6716B-2B95-4885-8F6D-C1804A7D028A}.Release|x64.ActiveCfg = Release|iPhone
		{32E6716B-2B95-4885-8F6D-C1804A7D028A}.Release|x86.ActiveCfg = Release|iPhone
		{0A2C0797-6BDB-40EB-9E6E-C4CFF7A8F130}.Ad-Hoc|Any CPU.ActiveCfg = Ad-Hoc|iPhone
		{0A2C0797-6BDB-40EB-9E6E-C4CFF7A8F130}.Ad-Hoc|ARM.ActiveCfg = Ad-Hoc|iPhone
		{0A2C0797-6BDB-40EB-9E6E-C4CFF7A8F130}.Ad-Hoc|iPhone.ActiveCfg = Ad-Hoc|iPhone
		{0A2C0797-6BDB-40EB-9E6E-C4CFF7A8F130}.Ad-Hoc|iPhone.Build.0 = Ad-Hoc|iPhone
		{0A2C0797-6BDB-40EB-9E6E-C4CFF7A8F130}.Ad-Hoc|iPhoneSimulator.ActiveCfg = Ad-Hoc|iPhoneSimulator
		{0A2C0797-6BDB-40EB-9E6E-C4CFF7A8F130}.Ad-Hoc|iPhoneSimulator.Build.0 = Ad-Hoc|iPhoneSimulator
		{0A2C0797-6BDB-40EB-9E6E-C4CFF7A8F130}.Ad-Hoc|x64.ActiveCfg = Ad-Hoc|iPhone
		{0A2C0797-6BDB-40EB-9E6E-C4CFF7A8F130}.Ad-Hoc|x86.ActiveCfg = Ad-Hoc|iPhone
		{0A2C0797-6BDB-40EB-9E6E-C4CFF7A8F130}.AppStore|Any CPU.ActiveCfg = AppStore|iPhone
		{0A2C0797-6BDB-40EB-9E6E-C4CFF7A8F130}.AppStore|ARM.ActiveCfg = AppStore|iPhone
		{0A2C0797-6BDB-40EB-9E6E-C4CFF7A8F130}.AppStore|iPhone.ActiveCfg = AppStore|iPhone
		{0A2C0797-6BDB-40EB-9E6E-C4CFF7A8F130}.AppStore|iPhone.Build.0 = AppStore|iPhone
		{0A2C0797-6BDB-40EB-9E6E-C4CFF7A8F130}.AppStore|iPhoneSimulator.ActiveCfg = AppStore|iPhoneSimulator
		{0A2C0797-6BDB-40EB-9E6E-C4CFF7A8F130}.AppStore|iPhoneSimulator.Build.0 = AppStore|iPhoneSimulator
		{0A2C0797-6BDB-40EB-9E6E-C4CFF7A8F130}.AppStore|x64.ActiveCfg = AppStore|iPhone
		{0A2C0797-6BDB-40EB-9E6E-C4CFF7A8F130}.AppStore|x86.ActiveCfg = AppStore|iPhone
		{0A2C0797-6BDB-40EB-9E6E-C4CFF7A8F130}.Debug|Any CPU.ActiveCfg = Debug|iPhone
		{0A2C0797-6BDB-40EB-9E6E-C4CFF7A8F130}.Debug|ARM.ActiveCfg = Debug|iPhone
		{0A2C0797-6BDB-40EB-9E6E-C4CFF7A8F130}.Debug|iPhone.ActiveCfg = Debug|iPhone
		{0A2C0797-6BDB-40EB-9E6E-C4CFF7A8F130}.Debug|iPhone.Build.0 = Debug|iPhone
		{0A2C0797-6BDB-40EB-9E6E-C4CFF7A8F130}.Debug|iPhoneSimulator.ActiveCfg = Debug|iPhoneSimulator
		{0A2C0797-6BDB-40EB-9E6E-C4CFF7A8F130}.Debug|iPhoneSimulator.Build.0 = Debug|iPhoneSimulator
		{0A2C0797-6BDB-40EB-9E6E-C4CFF7A8F130}.Debug|x64.ActiveCfg = Debug|iPhone
		{0A2C0797-6BDB-40EB-9E6E-C4CFF7A8F130}.Debug|x86.ActiveCfg = Debug|iPhone
		{0A2C0797-6BDB-40EB-9E6E-C4CFF7A8F130}.Release|Any CPU.ActiveCfg = Release|iPhone
		{0A2C0797-6BDB-40EB-9E6E-C4CFF7A8F130}.Release|ARM.ActiveCfg = Release|iPhone
		{0A2C0797-6BDB-40EB-9E6E-C4CFF7A8F130}.Release|iPhone.ActiveCfg = Release|iPhone
		{0A2C0797-6BDB-40EB-9E6E-C4CFF7A8F130}.Release|iPhone.Build.0 = Release|iPhone
		{0A2C0797-6BDB-40EB-9E6E-C4CFF7A8F130}.Release|iPhoneSimulator.ActiveCfg = Release|iPhoneSimulator
		{0A2C0797-6BDB-40EB-9E6E-C4CFF7A8F130}.Release|iPhoneSimulator.Build.0 = Release|iPhoneSimulator
		{0A2C0797-6BDB-40EB-9E6E-C4CFF7A8F130}.Release|x64.ActiveCfg = Release|iPhone
		{0A2C0797-6BDB-40EB-9E6E-C4CFF7A8F130}.Release|x86.ActiveCfg = Release|iPhone
	EndGlobalSection
	GlobalSection(SolutionProperties) = preSolution
		HideSolutionNode = FALSE
	EndGlobalSection
	GlobalSection(NestedProjects) = preSolution
		{FC1F3CA0-BD76-447F-A300-1303095C59EA} = {97CB2A0C-6472-4722-9233-37CFE71AA2EE}
		{4E3D4370-3780-403C-A92D-0975EB903FD3} = {01F5C38A-CE79-456F-9BD5-1367F56ABD12}
		{20EDE952-3B9C-4141-A37A-A7F45710EAB1} = {8C0E0DB0-2D6A-4C2B-8776-1B1468BAA7A9}
		{18166DA5-2895-4BC1-898E-BCA9A2F27354} = {8C0E0DB0-2D6A-4C2B-8776-1B1468BAA7A9}
		{0C9996B0-20E6-47D6-BA34-E58C7A6FC534} = {01F5C38A-CE79-456F-9BD5-1367F56ABD12}
		{01F5C38A-CE79-456F-9BD5-1367F56ABD12} = {592869C4-1C1A-4F69-BB9C-375613A9EB0D}
		{8C0E0DB0-2D6A-4C2B-8776-1B1468BAA7A9} = {592869C4-1C1A-4F69-BB9C-375613A9EB0D}
		{9F42BA5D-2FF0-47C2-B0F2-B20F914B42F2} = {8C0E0DB0-2D6A-4C2B-8776-1B1468BAA7A9}
		{66095901-3A16-4788-B19D-D310E5137057} = {8C0E0DB0-2D6A-4C2B-8776-1B1468BAA7A9}
		{849AA350-21AF-45E5-9D32-D67CF5DB41C2} = {8C0E0DB0-2D6A-4C2B-8776-1B1468BAA7A9}
		{3112B291-A010-4285-AA15-16039C3A3D9B} = {8C0E0DB0-2D6A-4C2B-8776-1B1468BAA7A9}
		{043F0A2F-8C55-4455-B226-1987500F1606} = {8C0E0DB0-2D6A-4C2B-8776-1B1468BAA7A9}
		{9B967A24-3495-4D15-AEEE-8A31A7646753} = {8C0E0DB0-2D6A-4C2B-8776-1B1468BAA7A9}
		{0D470EBD-CFA9-4ED2-B90E-5BEEA9A8A78A} = {8C0E0DB0-2D6A-4C2B-8776-1B1468BAA7A9}
		{0D0DCECB-955D-4336-88C8-CEB9357148EE} = {97CB2A0C-6472-4722-9233-37CFE71AA2EE}
		{32E6716B-2B95-4885-8F6D-C1804A7D028A} = {90640E4D-4FD8-4E80-B29A-E329A28B6063}
		{0A2C0797-6BDB-40EB-9E6E-C4CFF7A8F130} = {90640E4D-4FD8-4E80-B29A-E329A28B6063}
	EndGlobalSection
EndGlobal
